// !$*UTF8*$!
{
	archiveVersion = 1;
	classes = {
	};
	objectVersion = 50;
	objects = {

/* Begin PBXBuildFile section */
		DC020FC322BB979300904289 /* AppDelegate.swift in Sources */ = {isa = PBXBuildFile; fileRef = DC020FC222BB979300904289 /* AppDelegate.swift */; };
		DC020FC522BB979300904289 /* ViewController.swift in Sources */ = {isa = PBXBuildFile; fileRef = DC020FC422BB979300904289 /* ViewController.swift */; };
		DC020FCA22BB979300904289 /* Assets.xcassets in Resources */ = {isa = PBXBuildFile; fileRef = DC020FC922BB979300904289 /* Assets.xcassets */; };
		DC020FCD22BB979300904289 /* LaunchScreen.storyboard in Resources */ = {isa = PBXBuildFile; fileRef = DC020FCB22BB979300904289 /* LaunchScreen.storyboard */; };
		DC020FD822BB979400904289 /* IntervalTimerTests.swift in Sources */ = {isa = PBXBuildFile; fileRef = DC020FD722BB979400904289 /* IntervalTimerTests.swift */; };
		DC020FE322BB979400904289 /* IntervalTimerUITests.swift in Sources */ = {isa = PBXBuildFile; fileRef = DC020FE222BB979400904289 /* IntervalTimerUITests.swift */; };
		DC020FF122BB97BF00904289 /* Timer.storyboard in Resources */ = {isa = PBXBuildFile; fileRef = DC020FF022BB97BF00904289 /* Timer.storyboard */; };
		DC2EF95422BC4C4900FE3A58 /* Timer.swift in Sources */ = {isa = PBXBuildFile; fileRef = DC2EF95322BC4C4900FE3A58 /* Timer.swift */; };
/* End PBXBuildFile section */

/* Begin PBXContainerItemProxy section */
		DC020FD422BB979400904289 /* PBXContainerItemProxy */ = {
			isa = PBXContainerItemProxy;
			containerPortal = DC020FB722BB979300904289 /* Project object */;
			proxyType = 1;
			remoteGlobalIDString = DC020FBE22BB979300904289;
			remoteInfo = IntervalTimer;
		};
		DC020FDF22BB979400904289 /* PBXContainerItemProxy */ = {
			isa = PBXContainerItemProxy;
			containerPortal = DC020FB722BB979300904289 /* Project object */;
			proxyType = 1;
			remoteGlobalIDString = DC020FBE22BB979300904289;
			remoteInfo = IntervalTimer;
		};
/* End PBXContainerItemProxy section */

/* Begin PBXFileReference section */
		DC020FBF22BB979300904289 /* IntervalTimer.app */ = {isa = PBXFileReference; explicitFileType = wrapper.application; includeInIndex = 0; path = IntervalTimer.app; sourceTree = BUILT_PRODUCTS_DIR; };
		DC020FC222BB979300904289 /* AppDelegate.swift */ = {isa = PBXFileReference; lastKnownFileType = sourcecode.swift; path = AppDelegate.swift; sourceTree = "<group>"; };
		DC020FC422BB979300904289 /* ViewController.swift */ = {isa = PBXFileReference; lastKnownFileType = sourcecode.swift; path = ViewController.swift; sourceTree = "<group>"; };
		DC020FC922BB979300904289 /* Assets.xcassets */ = {isa = PBXFileReference; lastKnownFileType = folder.assetcatalog; path = Assets.xcassets; sourceTree = "<group>"; };
		DC020FCC22BB979300904289 /* Base */ = {isa = PBXFileReference; lastKnownFileType = file.storyboard; name = Base; path = Base.lproj/LaunchScreen.storyboard; sourceTree = "<group>"; };
		DC020FCE22BB979300904289 /* Info.plist */ = {isa = PBXFileReference; lastKnownFileType = text.plist.xml; path = Info.plist; sourceTree = "<group>"; };
		DC020FD322BB979400904289 /* IntervalTimerTests.xctest */ = {isa = PBXFileReference; explicitFileType = wrapper.cfbundle; includeInIndex = 0; path = IntervalTimerTests.xctest; sourceTree = BUILT_PRODUCTS_DIR; };
		DC020FD722BB979400904289 /* IntervalTimerTests.swift */ = {isa = PBXFileReference; lastKnownFileType = sourcecode.swift; path = IntervalTimerTests.swift; sourceTree = "<group>"; };
		DC020FD922BB979400904289 /* Info.plist */ = {isa = PBXFileReference; lastKnownFileType = text.plist.xml; path = Info.plist; sourceTree = "<group>"; };
		DC020FDE22BB979400904289 /* IntervalTimerUITests.xctest */ = {isa = PBXFileReference; explicitFileType = wrapper.cfbundle; includeInIndex = 0; path = IntervalTimerUITests.xctest; sourceTree = BUILT_PRODUCTS_DIR; };
		DC020FE222BB979400904289 /* IntervalTimerUITests.swift */ = {isa = PBXFileReference; lastKnownFileType = sourcecode.swift; path = IntervalTimerUITests.swift; sourceTree = "<group>"; };
		DC020FE422BB979400904289 /* Info.plist */ = {isa = PBXFileReference; lastKnownFileType = text.plist.xml; path = Info.plist; sourceTree = "<group>"; };
		DC020FF022BB97BF00904289 /* Timer.storyboard */ = {isa = PBXFileReference; lastKnownFileType = file.storyboard; path = Timer.storyboard; sourceTree = "<group>"; };
		DC2EF95322BC4C4900FE3A58 /* Timer.swift */ = {isa = PBXFileReference; lastKnownFileType = sourcecode.swift; path = Timer.swift; sourceTree = "<group>"; };
/* End PBXFileReference section */

/* Begin PBXFrameworksBuildPhase section */
		DC020FBC22BB979300904289 /* Frameworks */ = {
			isa = PBXFrameworksBuildPhase;
			buildActionMask = 2147483647;
			files = (
			);
			runOnlyForDeploymentPostprocessing = 0;
		};
		DC020FD022BB979400904289 /* Frameworks */ = {
			isa = PBXFrameworksBuildPhase;
			buildActionMask = 2147483647;
			files = (
			);
			runOnlyForDeploymentPostprocessing = 0;
		};
		DC020FDB22BB979400904289 /* Frameworks */ = {
			isa = PBXFrameworksBuildPhase;
			buildActionMask = 2147483647;
			files = (
			);
			runOnlyForDeploymentPostprocessing = 0;
		};
/* End PBXFrameworksBuildPhase section */

/* Begin PBXGroup section */
		DC020FB622BB979300904289 = {
			isa = PBXGroup;
			children = (
				DC020FC122BB979300904289 /* IntervalTimer */,
				DC020FD622BB979400904289 /* IntervalTimerTests */,
				DC020FE122BB979400904289 /* IntervalTimerUITests */,
				DC020FC022BB979300904289 /* Products */,
			);
			sourceTree = "<group>";
		};
		DC020FC022BB979300904289 /* Products */ = {
			isa = PBXGroup;
			children = (
				DC020FBF22BB979300904289 /* IntervalTimer.app */,
				DC020FD322BB979400904289 /* IntervalTimerTests.xctest */,
				DC020FDE22BB979400904289 /* IntervalTimerUITests.xctest */,
			);
			name = Products;
			sourceTree = "<group>";
		};
		DC020FC122BB979300904289 /* IntervalTimer */ = {
			isa = PBXGroup;
			children = (
				DC2EF95222BC4C3300FE3A58 /* Models */,
				DC020FC222BB979300904289 /* AppDelegate.swift */,
				DC020FC422BB979300904289 /* ViewController.swift */,
				DC020FC922BB979300904289 /* Assets.xcassets */,
				DC020FCB22BB979300904289 /* LaunchScreen.storyboard */,
				DC020FCE22BB979300904289 /* Info.plist */,
				DC020FF022BB97BF00904289 /* Timer.storyboard */,
			);
			path = IntervalTimer;
			sourceTree = "<group>";
		};
		DC020FD622BB979400904289 /* IntervalTimerTests */ = {
			isa = PBXGroup;
			children = (
				DC020FD722BB979400904289 /* IntervalTimerTests.swift */,
				DC020FD922BB979400904289 /* Info.plist */,
			);
			path = IntervalTimerTests;
			sourceTree = "<group>";
		};
		DC020FE122BB979400904289 /* IntervalTimerUITests */ = {
			isa = PBXGroup;
			children = (
				DC020FE222BB979400904289 /* IntervalTimerUITests.swift */,
				DC020FE422BB979400904289 /* Info.plist */,
			);
			path = IntervalTimerUITests;
			sourceTree = "<group>";
		};
		DC2EF95222BC4C3300FE3A58 /* Models */ = {
			isa = PBXGroup;
			children = (
				DC2EF95322BC4C4900FE3A58 /* Timer.swift */,
			);
			path = Models;
			sourceTree = "<group>";
		};
/* End PBXGroup section */

/* Begin PBXNativeTarget section */
		DC020FBE22BB979300904289 /* IntervalTimer */ = {
			isa = PBXNativeTarget;
			buildConfigurationList = DC020FE722BB979400904289 /* Build configuration list for PBXNativeTarget "IntervalTimer" */;
			buildPhases = (
				DC020FBB22BB979300904289 /* Sources */,
				DC020FBC22BB979300904289 /* Frameworks */,
				DC020FBD22BB979300904289 /* Resources */,
			);
			buildRules = (
			);
			dependencies = (
			);
			name = IntervalTimer;
			productName = IntervalTimer;
			productReference = DC020FBF22BB979300904289 /* IntervalTimer.app */;
			productType = "com.apple.product-type.application";
		};
		DC020FD222BB979400904289 /* IntervalTimerTests */ = {
			isa = PBXNativeTarget;
			buildConfigurationList = DC020FEA22BB979400904289 /* Build configuration list for PBXNativeTarget "IntervalTimerTests" */;
			buildPhases = (
				DC020FCF22BB979400904289 /* Sources */,
				DC020FD022BB979400904289 /* Frameworks */,
				DC020FD122BB979400904289 /* Resources */,
			);
			buildRules = (
			);
			dependencies = (
				DC020FD522BB979400904289 /* PBXTargetDependency */,
			);
			name = IntervalTimerTests;
			productName = IntervalTimerTests;
			productReference = DC020FD322BB979400904289 /* IntervalTimerTests.xctest */;
			productType = "com.apple.product-type.bundle.unit-test";
		};
		DC020FDD22BB979400904289 /* IntervalTimerUITests */ = {
			isa = PBXNativeTarget;
			buildConfigurationList = DC020FED22BB979400904289 /* Build configuration list for PBXNativeTarget "IntervalTimerUITests" */;
			buildPhases = (
				DC020FDA22BB979400904289 /* Sources */,
				DC020FDB22BB979400904289 /* Frameworks */,
				DC020FDC22BB979400904289 /* Resources */,
			);
			buildRules = (
			);
			dependencies = (
				DC020FE022BB979400904289 /* PBXTargetDependency */,
			);
			name = IntervalTimerUITests;
			productName = IntervalTimerUITests;
			productReference = DC020FDE22BB979400904289 /* IntervalTimerUITests.xctest */;
			productType = "com.apple.product-type.bundle.ui-testing";
		};
/* End PBXNativeTarget section */

/* Begin PBXProject section */
		DC020FB722BB979300904289 /* Project object */ = {
			isa = PBXProject;
			attributes = {
				LastSwiftUpdateCheck = 1020;
				LastUpgradeCheck = 1020;
				ORGANIZATIONNAME = "Paul Addy";
				TargetAttributes = {
					DC020FBE22BB979300904289 = {
						CreatedOnToolsVersion = 10.2.1;
					};
					DC020FD222BB979400904289 = {
						CreatedOnToolsVersion = 10.2.1;
						TestTargetID = DC020FBE22BB979300904289;
					};
					DC020FDD22BB979400904289 = {
						CreatedOnToolsVersion = 10.2.1;
						TestTargetID = DC020FBE22BB979300904289;
					};
				};
			};
			buildConfigurationList = DC020FBA22BB979300904289 /* Build configuration list for PBXProject "IntervalTimer" */;
			compatibilityVersion = "Xcode 9.3";
			developmentRegion = en;
			hasScannedForEncodings = 0;
			knownRegions = (
				en,
				Base,
			);
			mainGroup = DC020FB622BB979300904289;
			productRefGroup = DC020FC022BB979300904289 /* Products */;
			projectDirPath = "";
			projectRoot = "";
			targets = (
				DC020FBE22BB979300904289 /* IntervalTimer */,
				DC020FD222BB979400904289 /* IntervalTimerTests */,
				DC020FDD22BB979400904289 /* IntervalTimerUITests */,
			);
		};
/* End PBXProject section */

/* Begin PBXResourcesBuildPhase section */
		DC020FBD22BB979300904289 /* Resources */ = {
			isa = PBXResourcesBuildPhase;
			buildActionMask = 2147483647;
			files = (
				DC020FCD22BB979300904289 /* LaunchScreen.storyboard in Resources */,
				DC020FF122BB97BF00904289 /* Timer.storyboard in Resources */,
				DC020FCA22BB979300904289 /* Assets.xcassets in Resources */,
			);
			runOnlyForDeploymentPostprocessing = 0;
		};
		DC020FD122BB979400904289 /* Resources */ = {
			isa = PBXResourcesBuildPhase;
			buildActionMask = 2147483647;
			files = (
			);
			runOnlyForDeploymentPostprocessing = 0;
		};
		DC020FDC22BB979400904289 /* Resources */ = {
			isa = PBXResourcesBuildPhase;
			buildActionMask = 2147483647;
			files = (
			);
			runOnlyForDeploymentPostprocessing = 0;
		};
/* End PBXResourcesBuildPhase section */

/* Begin PBXSourcesBuildPhase section */
		DC020FBB22BB979300904289 /* Sources */ = {
			isa = PBXSourcesBuildPhase;
			buildActionMask = 2147483647;
			files = (
				DC2EF95422BC4C4900FE3A58 /* Timer.swift in Sources */,
				DC020FC522BB979300904289 /* ViewController.swift in Sources */,
				DC020FC322BB979300904289 /* AppDelegate.swift in Sources */,
			);
			runOnlyForDeploymentPostprocessing = 0;
		};
		DC020FCF22BB979400904289 /* Sources */ = {
			isa = PBXSourcesBuildPhase;
			buildActionMask = 2147483647;
			files = (
				DC020FD822BB979400904289 /* IntervalTimerTests.swift in Sources */,
			);
			runOnlyForDeploymentPostprocessing = 0;
		};
		DC020FDA22BB979400904289 /* Sources */ = {
			isa = PBXSourcesBuildPhase;
			buildActionMask = 2147483647;
			files = (
				DC020FE322BB979400904289 /* IntervalTimerUITests.swift in Sources */,
			);
			runOnlyForDeploymentPostprocessing = 0;
		};
/* End PBXSourcesBuildPhase section */

/* Begin PBXTargetDependency section */
		DC020FD522BB979400904289 /* PBXTargetDependency */ = {
			isa = PBXTargetDependency;
			target = DC020FBE22BB979300904289 /* IntervalTimer */;
			targetProxy = DC020FD422BB979400904289 /* PBXContainerItemProxy */;
		};
		DC020FE022BB979400904289 /* PBXTargetDependency */ = {
			isa = PBXTargetDependency;
			target = DC020FBE22BB979300904289 /* IntervalTimer */;
			targetProxy = DC020FDF22BB979400904289 /* PBXContainerItemProxy */;
		};
/* End PBXTargetDependency section */

/* Begin PBXVariantGroup section */
		DC020FCB22BB979300904289 /* LaunchScreen.storyboard */ = {
			isa = PBXVariantGroup;
			children = (
				DC020FCC22BB979300904289 /* Base */,
			);
			name = LaunchScreen.storyboard;
			sourceTree = "<group>";
		};
/* End PBXVariantGroup section */

/* Begin XCBuildConfiguration section */
		DC020FE522BB979400904289 /* Debug */ = {
			isa = XCBuildConfiguration;
			buildSettings = {
				ALWAYS_SEARCH_USER_PATHS = NO;
				CLANG_ANALYZER_NONNULL = YES;
				CLANG_ANALYZER_NUMBER_OBJECT_CONVERSION = YES_AGGRESSIVE;
				CLANG_CXX_LANGUAGE_STANDARD = "gnu++14";
				CLANG_CXX_LIBRARY = "libc++";
				CLANG_ENABLE_MODULES = YES;
				CLANG_ENABLE_OBJC_ARC = YES;
				CLANG_ENABLE_OBJC_WEAK = YES;
				CLANG_WARN_BLOCK_CAPTURE_AUTORELEASING = YES;
				CLANG_WARN_BOOL_CONVERSION = YES;
				CLANG_WARN_COMMA = YES;
				CLANG_WARN_CONSTANT_CONVERSION = YES;
				CLANG_WARN_DEPRECATED_OBJC_IMPLEMENTATIONS = YES;
				CLANG_WARN_DIRECT_OBJC_ISA_USAGE = YES_ERROR;
				CLANG_WARN_DOCUMENTATION_COMMENTS = YES;
				CLANG_WARN_EMPTY_BODY = YES;
				CLANG_WARN_ENUM_CONVERSION = YES;
				CLANG_WARN_INFINITE_RECURSION = YES;
				CLANG_WARN_INT_CONVERSION = YES;
				CLANG_WARN_NON_LITERAL_NULL_CONVERSION = YES;
				CLANG_WARN_OBJC_IMPLICIT_RETAIN_SELF = YES;
				CLANG_WARN_OBJC_LITERAL_CONVERSION = YES;
				CLANG_WARN_OBJC_ROOT_CLASS = YES_ERROR;
				CLANG_WARN_RANGE_LOOP_ANALYSIS = YES;
				CLANG_WARN_STRICT_PROTOTYPES = YES;
				CLANG_WARN_SUSPICIOUS_MOVE = YES;
				CLANG_WARN_UNGUARDED_AVAILABILITY = YES_AGGRESSIVE;
				CLANG_WARN_UNREACHABLE_CODE = YES;
				CLANG_WARN__DUPLICATE_METHOD_MATCH = YES;
				CODE_SIGN_IDENTITY = "iPhone Developer";
				COPY_PHASE_STRIP = NO;
				DEBUG_INFORMATION_FORMAT = dwarf;
				ENABLE_STRICT_OBJC_MSGSEND = YES;
				ENABLE_TESTABILITY = YES;
				GCC_C_LANGUAGE_STANDARD = gnu11;
				GCC_DYNAMIC_NO_PIC = NO;
				GCC_NO_COMMON_BLOCKS = YES;
				GCC_OPTIMIZATION_LEVEL = 0;
				GCC_PREPROCESSOR_DEFINITIONS = (
					"DEBUG=1",
					"$(inherited)",
				);
				GCC_WARN_64_TO_32_BIT_CONVERSION = YES;
				GCC_WARN_ABOUT_RETURN_TYPE = YES_ERROR;
				GCC_WARN_UNDECLARED_SELECTOR = YES;
				GCC_WARN_UNINITIALIZED_AUTOS = YES_AGGRESSIVE;
				GCC_WARN_UNUSED_FUNCTION = YES;
				GCC_WARN_UNUSED_VARIABLE = YES;
				IPHONEOS_DEPLOYMENT_TARGET = 12.2;
				MTL_ENABLE_DEBUG_INFO = INCLUDE_SOURCE;
				MTL_FAST_MATH = YES;
				ONLY_ACTIVE_ARCH = YES;
				SDKROOT = iphoneos;
				SWIFT_ACTIVE_COMPILATION_CONDITIONS = DEBUG;
				SWIFT_OPTIMIZATION_LEVEL = "-Onone";
			};
			name = Debug;
		};
		DC020FE622BB979400904289 /* Release */ = {
			isa = XCBuildConfiguration;
			buildSettings = {
				ALWAYS_SEARCH_USER_PATHS = NO;
				CLANG_ANALYZER_NONNULL = YES;
				CLANG_ANALYZER_NUMBER_OBJECT_CONVERSION = YES_AGGRESSIVE;
				CLANG_CXX_LANGUAGE_STANDARD = "gnu++14";
				CLANG_CXX_LIBRARY = "libc++";
				CLANG_ENABLE_MODULES = YES;
				CLANG_ENABLE_OBJC_ARC = YES;
				CLANG_ENABLE_OBJC_WEAK = YES;
				CLANG_WARN_BLOCK_CAPTURE_AUTORELEASING = YES;
				CLANG_WARN_BOOL_CONVERSION = YES;
				CLANG_WARN_COMMA = YES;
				CLANG_WARN_CONSTANT_CONVERSION = YES;
				CLANG_WARN_DEPRECATED_OBJC_IMPLEMENTATIONS = YES;
				CLANG_WARN_DIRECT_OBJC_ISA_USAGE = YES_ERROR;
				CLANG_WARN_DOCUMENTATION_COMMENTS = YES;
				CLANG_WARN_EMPTY_BODY = YES;
				CLANG_WARN_ENUM_CONVERSION = YES;
				CLANG_WARN_INFINITE_RECURSION = YES;
				CLANG_WARN_INT_CONVERSION = YES;
				CLANG_WARN_NON_LITERAL_NULL_CONVERSION = YES;
				CLANG_WARN_OBJC_IMPLICIT_RETAIN_SELF = YES;
				CLANG_WARN_OBJC_LITERAL_CONVERSION = YES;
				CLANG_WARN_OBJC_ROOT_CLASS = YES_ERROR;
				CLANG_WARN_RANGE_LOOP_ANALYSIS = YES;
				CLANG_WARN_STRICT_PROTOTYPES = YES;
				CLANG_WARN_SUSPICIOUS_MOVE = YES;
				CLANG_WARN_UNGUARDED_AVAILABILITY = YES_AGGRESSIVE;
				CLANG_WARN_UNREACHABLE_CODE = YES;
				CLANG_WARN__DUPLICATE_METHOD_MATCH = YES;
				CODE_SIGN_IDENTITY = "iPhone Developer";
				COPY_PHASE_STRIP = NO;
				DEBUG_INFORMATION_FORMAT = "dwarf-with-dsym";
				ENABLE_NS_ASSERTIONS = NO;
				ENABLE_STRICT_OBJC_MSGSEND = YES;
				GCC_C_LANGUAGE_STANDARD = gnu11;
				GCC_NO_COMMON_BLOCKS = YES;
				GCC_WARN_64_TO_32_BIT_CONVERSION = YES;
				GCC_WARN_ABOUT_RETURN_TYPE = YES_ERROR;
				GCC_WARN_UNDECLARED_SELECTOR = YES;
				GCC_WARN_UNINITIALIZED_AUTOS = YES_AGGRESSIVE;
				GCC_WARN_UNUSED_FUNCTION = YES;
				GCC_WARN_UNUSED_VARIABLE = YES;
				IPHONEOS_DEPLOYMENT_TARGET = 12.2;
				MTL_ENABLE_DEBUG_INFO = NO;
				MTL_FAST_MATH = YES;
				SDKROOT = iphoneos;
				SWIFT_COMPILATION_MODE = wholemodule;
				SWIFT_OPTIMIZATION_LEVEL = "-O";
				VALIDATE_PRODUCT = YES;
			};
			name = Release;
		};
		DC020FE822BB979400904289 /* Debug */ = {
			isa = XCBuildConfiguration;
			buildSettings = {
				ASSETCATALOG_COMPILER_APPICON_NAME = AppIcon;
				CODE_SIGN_STYLE = Automatic;
				DEVELOPMENT_TEAM = 9LWK3GY4G8;
				INFOPLIST_FILE = IntervalTimer/Info.plist;
				LD_RUNPATH_SEARCH_PATHS = (
					"$(inherited)",
					"@executable_path/Frameworks",
				);
				PRODUCT_BUNDLE_IDENTIFIER = com.example.IntervalTimer;
				PRODUCT_NAME = "$(TARGET_NAME)";
				SWIFT_VERSION = 5.0;
				TARGETED_DEVICE_FAMILY = "1,2";
			};
			name = Debug;
		};
		DC020FE922BB979400904289 /* Release */ = {
			isa = XCBuildConfiguration;
			buildSettings = {
				ASSETCATALOG_COMPILER_APPICON_NAME = AppIcon;
				CODE_SIGN_STYLE = Automatic;
				DEVELOPMENT_TEAM = 9LWK3GY4G8;
				INFOPLIST_FILE = IntervalTimer/Info.plist;
				LD_RUNPATH_SEARCH_PATHS = (
					"$(inherited)",
					"@executable_path/Frameworks",
				);
				PRODUCT_BUNDLE_IDENTIFIER = com.example.IntervalTimer;
				PRODUCT_NAME = "$(TARGET_NAME)";
				SWIFT_VERSION = 5.0;
				TARGETED_DEVICE_FAMILY = "1,2";
			};
			name = Release;
		};
		DC020FEB22BB979400904289 /* Debug */ = {
			isa = XCBuildConfiguration;
			buildSettings = {
				ALWAYS_EMBED_SWIFT_STANDARD_LIBRARIES = YES;
				BUNDLE_LOADER = "$(TEST_HOST)";
				CODE_SIGN_STYLE = Automatic;
				DEVELOPMENT_TEAM = 9LWK3GY4G8;
				INFOPLIST_FILE = IntervalTimerTests/Info.plist;
				LD_RUNPATH_SEARCH_PATHS = (
					"$(inherited)",
					"@executable_path/Frameworks",
					"@loader_path/Frameworks",
				);
				PRODUCT_BUNDLE_IDENTIFIER = com.example.IntervalTimerTests;
				PRODUCT_NAME = "$(TARGET_NAME)";
				SWIFT_VERSION = 5.0;
				TARGETED_DEVICE_FAMILY = "1,2";
				TEST_HOST = "$(BUILT_PRODUCTS_DIR)/IntervalTimer.app/IntervalTimer";
			};
			name = Debug;
		};
		DC020FEC22BB979400904289 /* Release */ = {
			isa = XCBuildConfiguration;
			buildSettings = {
				ALWAYS_EMBED_SWIFT_STANDARD_LIBRARIES = YES;
				BUNDLE_LOADER = "$(TEST_HOST)";
				CODE_SIGN_STYLE = Automatic;
				DEVELOPMENT_TEAM = 9LWK3GY4G8;
				INFOPLIST_FILE = IntervalTimerTests/Info.plist;
				LD_RUNPATH_SEARCH_PATHS = (
					"$(inherited)",
					"@executable_path/Frameworks",
					"@loader_path/Frameworks",
				);
				PRODUCT_BUNDLE_IDENTIFIER = com.example.IntervalTimerTests;
				PRODUCT_NAME = "$(TARGET_NAME)";
				SWIFT_VERSION = 5.0;
				TARGETED_DEVICE_FAMILY = "1,2";
				TEST_HOST = "$(BUILT_PRODUCTS_DIR)/IntervalTimer.app/IntervalTimer";
			};
			name = Release;
		};
		DC020FEE22BB979400904289 /* Debug */ = {
			isa = XCBuildConfiguration;
			buildSettings = {
				ALWAYS_EMBED_SWIFT_STANDARD_LIBRARIES = YES;
				CODE_SIGN_STYLE = Automatic;
				DEVELOPMENT_TEAM = 9LWK3GY4G8;
				INFOPLIST_FILE = IntervalTimerUITests/Info.plist;
				LD_RUNPATH_SEARCH_PATHS = (
					"$(inherited)",
					"@executable_path/Frameworks",
					"@loader_path/Frameworks",
				);
				PRODUCT_BUNDLE_IDENTIFIER = com.example.IntervalTimerUITests;
				PRODUCT_NAME = "$(TARGET_NAME)";
				SWIFT_VERSION = 5.0;
				TARGETED_DEVICE_FAMILY = "1,2";
				TEST_TARGET_NAME = IntervalTimer;
			};
			name = Debug;
		};
		DC020FEF22BB979400904289 /* Release */ = {
			isa = XCBuildConfiguration;
			buildSettings = {
				ALWAYS_EMBED_SWIFT_STANDARD_LIBRARIES = YES;
				CODE_SIGN_STYLE = Automatic;
				DEVELOPMENT_TEAM = 9LWK3GY4G8;
				INFOPLIST_FILE = IntervalTimerUITests/Info.plist;
				LD_RUNPATH_SEARCH_PATHS = (
					"$(inherited)",
					"@executable_path/Frameworks",
					"@loader_path/Frameworks",
				);
				PRODUCT_BUNDLE_IDENTIFIER = com.example.IntervalTimerUITests;
				PRODUCT_NAME = "$(TARGET_NAME)";
				SWIFT_VERSION = 5.0;
				TARGETED_DEVICE_FAMILY = "1,2";
				TEST_TARGET_NAME = IntervalTimer;
			};
			name = Release;
		};
/* End XCBuildConfiguration section */

/* Begin XCConfigurationList section */
		DC020FBA22BB979300904289 /* Build configuration list for PBXProject "IntervalTimer" */ = {
			isa = XCConfigurationList;
			buildConfigurations = (
				DC020FE522BB979400904289 /* Debug */,
				DC020FE622BB979400904289 /* Release */,
			);
			defaultConfigurationIsVisible = 0;
			defaultConfigurationName = Release;
		};
		DC020FE722BB979400904289 /* Build configuration list for PBXNativeTarget "IntervalTimer" */ = {
			isa = XCConfigurationList;
			buildConfigurations = (
				DC020FE822BB979400904289 /* Debug */,
				DC020FE922BB979400904289 /* Release */,
			);
			defaultConfigurationIsVisible = 0;
			defaultConfigurationName = Release;
		};
		DC020FEA22BB979400904289 /* Build configuration list for PBXNativeTarget "IntervalTimerTests" */ = {
			isa = XCConfigurationList;
			buildConfigurations = (
				DC020FEB22BB979400904289 /* Debug */,
				DC020FEC22BB979400904289 /* Release */,
			);
			defaultConfigurationIsVisible = 0;
			defaultConfigurationName = Release;
		};
		DC020FED22BB979400904289 /* Build configuration list for PBXNativeTarget "IntervalTimerUITests" */ = {
			isa = XCConfigurationList;
			buildConfigurations = (
				DC020FEE22BB979400904289 /* Debug */,
				DC020FEF22BB979400904289 /* Release */,
			);
			defaultConfigurationIsVisible = 0;
			defaultConfigurationName = Release;
		};
/* End XCConfigurationList section */
	};
	rootObject = DC020FB722BB979300904289 /* Project object */;
}
