// !$*UTF8*$!
{
	archiveVersion = 1;
	classes = {
	};
	objectVersion = 46;
	objects = {

/* Begin PBXBuildFile section */
		BA116C8C1F08A847001CDA80 /* ITVWeatherService.swift in Sources */ = {isa = PBXBuildFile; fileRef = BA116C8B1F08A847001CDA80 /* ITVWeatherService.swift */; };
		BA116C8E1F08AB39001CDA80 /* ITVCurrentWeather.swift in Sources */ = {isa = PBXBuildFile; fileRef = BA116C8D1F08AB39001CDA80 /* ITVCurrentWeather.swift */; };
		BA12B9521F0E01000036C7AB /* IntervalTimerUIApplication.swift in Sources */ = {isa = PBXBuildFile; fileRef = BA12B9511F0E01000036C7AB /* IntervalTimerUIApplication.swift */; };
		BA1C02B81F56B7B4001550FF /* ITVTimerTimerFuncs.swift in Sources */ = {isa = PBXBuildFile; fileRef = BA1C02B71F56B7B4001550FF /* ITVTimerTimerFuncs.swift */; };
		BA1C02BA1F56C14A001550FF /* TimersViewControllerSegue.swift in Sources */ = {isa = PBXBuildFile; fileRef = BA1C02B91F56C14A001550FF /* TimersViewControllerSegue.swift */; };
		BA21FDA31F6181B100ABC94E /* TestLocations.gpx in Resources */ = {isa = PBXBuildFile; fileRef = BA21FDA01F6181B100ABC94E /* TestLocations.gpx */; };
		BA21FDAB1F61893300ABC94E /* TimerViewControllerHelpers.swift in Sources */ = {isa = PBXBuildFile; fileRef = BA21FDAA1F61893300ABC94E /* TimerViewControllerHelpers.swift */; };
		BA21FDAD1F618C4500ABC94E /* ITVCityRetreival.swift in Sources */ = {isa = PBXBuildFile; fileRef = BA21FDAC1F618C4500ABC94E /* ITVCityRetreival.swift */; };
		BA21FDB11F62469600ABC94E /* EditTimerViewControllerNotifications.swift in Sources */ = {isa = PBXBuildFile; fileRef = BA21FDB01F62469600ABC94E /* EditTimerViewControllerNotifications.swift */; };
		BA2B280C1F35D35E00823B93 /* IntervalTimerUIButton.swift in Sources */ = {isa = PBXBuildFile; fileRef = BA2B280B1F35D35E00823B93 /* IntervalTimerUIButton.swift */; };
		BA324EE81F067AB700F38DE4 /* TimerViewController.swift in Sources */ = {isa = PBXBuildFile; fileRef = BA324EE71F067AB700F38DE4 /* TimerViewController.swift */; };
		BA42AB641F49BAB100CF1239 /* TimersTableViewCell.swift in Sources */ = {isa = PBXBuildFile; fileRef = BA42AB621F49BAB100CF1239 /* TimersTableViewCell.swift */; };
		BA42AB651F49BAB100CF1239 /* TimersTableViewCell.xib in Resources */ = {isa = PBXBuildFile; fileRef = BA42AB631F49BAB100CF1239 /* TimersTableViewCell.xib */; };
		BA42AB671F49E84A00CF1239 /* TimersViewControllerTableView.swift in Sources */ = {isa = PBXBuildFile; fileRef = BA42AB661F49E84A00CF1239 /* TimersViewControllerTableView.swift */; };
		BA42AB691F49E8B500CF1239 /* TimersViewControllerNavigationBar.swift in Sources */ = {isa = PBXBuildFile; fileRef = BA42AB681F49E8B500CF1239 /* TimersViewControllerNavigationBar.swift */; };
		BA42AB6D1F49EA1B00CF1239 /* ITVUserHelpers.swift in Sources */ = {isa = PBXBuildFile; fileRef = BA42AB6C1F49EA1B00CF1239 /* ITVUserHelpers.swift */; };
		BA42AB731F4A679C00CF1239 /* ITVCoreLocation.swift in Sources */ = {isa = PBXBuildFile; fileRef = BA42AB721F4A679C00CF1239 /* ITVCoreLocation.swift */; };
		BA4370291F59261600E144D2 /* ITVCoreLocationHelpers.swift in Sources */ = {isa = PBXBuildFile; fileRef = BA4370281F59261600E144D2 /* ITVCoreLocationHelpers.swift */; };
		BA43702B1F59289E00E144D2 /* ITVCoreLocationCoreLocation.swift in Sources */ = {isa = PBXBuildFile; fileRef = BA43702A1F59289E00E144D2 /* ITVCoreLocationCoreLocation.swift */; };
		BA4A1C6E1F4ED7080092DD89 /* TimerViewControllerLifeCycle.swift in Sources */ = {isa = PBXBuildFile; fileRef = BA4A1C6D1F4ED7080092DD89 /* TimerViewControllerLifeCycle.swift */; };
		BA4BFE751EFF4D9D00E341DC /* AppDelegate.swift in Sources */ = {isa = PBXBuildFile; fileRef = BA4BFE741EFF4D9D00E341DC /* AppDelegate.swift */; };
		BA4BFE771EFF4D9D00E341DC /* TimersViewController.swift in Sources */ = {isa = PBXBuildFile; fileRef = BA4BFE761EFF4D9D00E341DC /* TimersViewController.swift */; };
		BA4BFE7A1EFF4D9D00E341DC /* Main.storyboard in Resources */ = {isa = PBXBuildFile; fileRef = BA4BFE781EFF4D9D00E341DC /* Main.storyboard */; };
		BA4BFE7F1EFF4D9D00E341DC /* LaunchScreen.storyboard in Resources */ = {isa = PBXBuildFile; fileRef = BA4BFE7D1EFF4D9D00E341DC /* LaunchScreen.storyboard */; };
		BA4BFE8A1EFF4D9D00E341DC /* IntervalTimerTests.swift in Sources */ = {isa = PBXBuildFile; fileRef = BA4BFE891EFF4D9D00E341DC /* IntervalTimerTests.swift */; };
		BA4BFE951EFF4D9D00E341DC /* IntervalTimerUITests.swift in Sources */ = {isa = PBXBuildFile; fileRef = BA4BFE941EFF4D9D00E341DC /* IntervalTimerUITests.swift */; };
		BA4BFEA31EFF52CF00E341DC /* ITVColors.swift in Sources */ = {isa = PBXBuildFile; fileRef = BA4BFEA21EFF52CF00E341DC /* ITVColors.swift */; };
		BA4BFEA51EFFA0FD00E341DC /* IntervalTimerUIBarButtonItems.swift in Sources */ = {isa = PBXBuildFile; fileRef = BA4BFEA41EFFA0FD00E341DC /* IntervalTimerUIBarButtonItems.swift */; };
		BA4BFEA91EFFA16500E341DC /* IntervalTimerGlobals.swift in Sources */ = {isa = PBXBuildFile; fileRef = BA4BFEA81EFFA16500E341DC /* IntervalTimerGlobals.swift */; };
		BA4BFEAC1EFFAF2100E341DC /* EditTimerViewController.swift in Sources */ = {isa = PBXBuildFile; fileRef = BA4BFEAB1EFFAF2100E341DC /* EditTimerViewController.swift */; };
		BA4BFEAF1EFFB8EB00E341DC /* IntervalTimerUILabel.swift in Sources */ = {isa = PBXBuildFile; fileRef = BA4BFEAE1EFFB8EB00E341DC /* IntervalTimerUILabel.swift */; };
		BA4BFEB11EFFC55700E341DC /* EditIntervalViewController.swift in Sources */ = {isa = PBXBuildFile; fileRef = BA4BFEB01EFFC55700E341DC /* EditIntervalViewController.swift */; };
		BA4BFEB51EFFD5E400E341DC /* ITVUIImageViewIndicator.swift in Sources */ = {isa = PBXBuildFile; fileRef = BA4BFEB41EFFD5E400E341DC /* ITVUIImageViewIndicator.swift */; };
		BA724BCE1F0B3BD100A211BD /* cityList.20170703.csv in Resources */ = {isa = PBXBuildFile; fileRef = BA724BCD1F0B3BD100A211BD /* cityList.20170703.csv */; };
		BA77AE771F49415200AD34BE /* TimerViewControllerActions.swift in Sources */ = {isa = PBXBuildFile; fileRef = BA77AE761F49415200AD34BE /* TimerViewControllerActions.swift */; };
		BA77AE791F4941DC00AD34BE /* TimerViewControllerTimer.swift in Sources */ = {isa = PBXBuildFile; fileRef = BA77AE781F4941DC00AD34BE /* TimerViewControllerTimer.swift */; };
		BA77AE7B1F49424F00AD34BE /* TimerViewControllerWeather.swift in Sources */ = {isa = PBXBuildFile; fileRef = BA77AE7A1F49424F00AD34BE /* TimerViewControllerWeather.swift */; };
		BA77AE7D1F4942B100AD34BE /* TimerViewControllerAesthetics.swift in Sources */ = {isa = PBXBuildFile; fileRef = BA77AE7C1F4942B100AD34BE /* TimerViewControllerAesthetics.swift */; };
		BA77AE7F1F4942FC00AD34BE /* TimerViewControllerNotifications.swift in Sources */ = {isa = PBXBuildFile; fileRef = BA77AE7E1F4942FC00AD34BE /* TimerViewControllerNotifications.swift */; };
		BA77AE811F49432500AD34BE /* TimerViewControllerNavigationBar.swift in Sources */ = {isa = PBXBuildFile; fileRef = BA77AE801F49432500AD34BE /* TimerViewControllerNavigationBar.swift */; };
		BA77AE831F4943C500AD34BE /* EditIntervalViewControllerActions.swift in Sources */ = {isa = PBXBuildFile; fileRef = BA77AE821F4943C500AD34BE /* EditIntervalViewControllerActions.swift */; };
		BA77AE851F4943F300AD34BE /* EditIntervalViewControllerTextField.swift in Sources */ = {isa = PBXBuildFile; fileRef = BA77AE841F4943F300AD34BE /* EditIntervalViewControllerTextField.swift */; };
		BA77AE871F49444B00AD34BE /* EditIntervalViewControllerNavigationBar.swift in Sources */ = {isa = PBXBuildFile; fileRef = BA77AE861F49444B00AD34BE /* EditIntervalViewControllerNavigationBar.swift */; };
		BA77AE8D1F49883D00AD34BE /* ITVCityServiceCityRetreival.swift in Sources */ = {isa = PBXBuildFile; fileRef = BA77AE8C1F49883D00AD34BE /* ITVCityServiceCityRetreival.swift */; };
		BA77AE8F1F498D3800AD34BE /* ITVWeatherServiceWeatherRetreival.swift in Sources */ = {isa = PBXBuildFile; fileRef = BA77AE8E1F498D3800AD34BE /* ITVWeatherServiceWeatherRetreival.swift */; };
		BA90FA6A1F5958D2006EB239 /* EditTimerViewControllerActions.swift in Sources */ = {isa = PBXBuildFile; fileRef = BA90FA691F5958D2006EB239 /* EditTimerViewControllerActions.swift */; };
		BA90FA6C1F595921006EB239 /* EditTimerViewControllerLifeCycle.swift in Sources */ = {isa = PBXBuildFile; fileRef = BA90FA6B1F595921006EB239 /* EditTimerViewControllerLifeCycle.swift */; };
		BA90FA6E1F59594C006EB239 /* EditTimerViewControllerNavigationBar.swift in Sources */ = {isa = PBXBuildFile; fileRef = BA90FA6D1F59594C006EB239 /* EditTimerViewControllerNavigationBar.swift */; };
		BA90FA701F59597C006EB239 /* EditTimerViewControllerHelpers.swift in Sources */ = {isa = PBXBuildFile; fileRef = BA90FA6F1F59597C006EB239 /* EditTimerViewControllerHelpers.swift */; };
		BA90FA721F596C7C006EB239 /* EditTimerViewControllerAesthetics.swift in Sources */ = {isa = PBXBuildFile; fileRef = BA90FA711F596C7C006EB239 /* EditTimerViewControllerAesthetics.swift */; };
		BAA11C431F5BB56B005F3259 /* EditTimerViewControllerWeather.swift in Sources */ = {isa = PBXBuildFile; fileRef = BAA11C421F5BB56B005F3259 /* EditTimerViewControllerWeather.swift */; };
		BAA11C4D1F5BFC8A005F3259 /* ITVUIView.swift in Sources */ = {isa = PBXBuildFile; fileRef = BAA11C4C1F5BFC8A005F3259 /* ITVUIView.swift */; };
		BAA11C511F5D4F3F005F3259 /* ITVWarningDisableAirPlaneModeView.swift in Sources */ = {isa = PBXBuildFile; fileRef = BAA11C501F5D4F3F005F3259 /* ITVWarningDisableAirPlaneModeView.swift */; };
		BAA11C531F5D4F49005F3259 /* ITVWarningDisableAirPlaneModeView.xib in Resources */ = {isa = PBXBuildFile; fileRef = BAA11C521F5D4F49005F3259 /* ITVWarningDisableAirPlaneModeView.xib */; };
		BAA11C561F5D58B9005F3259 /* ITVWarningConnectToInternetView.swift in Sources */ = {isa = PBXBuildFile; fileRef = BAA11C551F5D58B9005F3259 /* ITVWarningConnectToInternetView.swift */; };
		BAA11C581F5D58D2005F3259 /* ITVWarningConnectToInternetView.xib in Resources */ = {isa = PBXBuildFile; fileRef = BAA11C571F5D58D2005F3259 /* ITVWarningConnectToInternetView.xib */; };
		BAABCA801F555474008C5B85 /* ITVTimer.swift in Sources */ = {isa = PBXBuildFile; fileRef = BAABCA7F1F555474008C5B85 /* ITVTimer.swift */; };
		BAABCA821F56610E008C5B85 /* ITVInterval.swift in Sources */ = {isa = PBXBuildFile; fileRef = BAABCA811F56610E008C5B85 /* ITVInterval.swift */; };
		BAABCA841F5674E8008C5B85 /* EditIntervalViewControllerAesthetics.swift in Sources */ = {isa = PBXBuildFile; fileRef = BAABCA831F5674E8008C5B85 /* EditIntervalViewControllerAesthetics.swift */; };
		BAABCA861F56750E008C5B85 /* EditIntervalViewControllerLifeCycle.swift in Sources */ = {isa = PBXBuildFile; fileRef = BAABCA851F56750E008C5B85 /* EditIntervalViewControllerLifeCycle.swift */; };
		BAAFE44C1F0A04BF00D3619E /* IntervalTimerFuncs.swift in Sources */ = {isa = PBXBuildFile; fileRef = BAAFE44B1F0A04BF00D3619E /* IntervalTimerFuncs.swift */; };
		BAAFE4511F0A366000D3619E /* ITVDownloadJSON.swift in Sources */ = {isa = PBXBuildFile; fileRef = BAAFE4501F0A366000D3619E /* ITVDownloadJSON.swift */; };
		BAC38F8B1F2EF54400AE0057 /* ITVCity.swift in Sources */ = {isa = PBXBuildFile; fileRef = BAC38F8A1F2EF54400AE0057 /* ITVCity.swift */; };
		BAC38F8D1F2F15B900AE0057 /* ITVCityService.swift in Sources */ = {isa = PBXBuildFile; fileRef = BAC38F8C1F2F15B900AE0057 /* ITVCityService.swift */; };
		BAC38F8F1F2F7D1400AE0057 /* ITVCsv.swift in Sources */ = {isa = PBXBuildFile; fileRef = BAC38F8E1F2F7D1400AE0057 /* ITVCsv.swift */; };
		BAC748B91F5FE4DD003F9E31 /* ITVNSObject.swift in Sources */ = {isa = PBXBuildFile; fileRef = BAC748B81F5FE4DD003F9E31 /* ITVNSObject.swift */; };
		BAC748BB1F5FFF23003F9E31 /* ITVCurrentWeatherHelpers.swift in Sources */ = {isa = PBXBuildFile; fileRef = BAC748BA1F5FFF23003F9E31 /* ITVCurrentWeatherHelpers.swift */; };
		BAC748BD1F5FFF4E003F9E31 /* ITVCurrentWeatherRetreival.swift in Sources */ = {isa = PBXBuildFile; fileRef = BAC748BC1F5FFF4E003F9E31 /* ITVCurrentWeatherRetreival.swift */; };
		BAC748BF1F613B21003F9E31 /* ITVWarningForUser.swift in Sources */ = {isa = PBXBuildFile; fileRef = BAC748BE1F613B21003F9E31 /* ITVWarningForUser.swift */; };
		BACD18231F08E5FC0072FF2C /* ITVUser.swift in Sources */ = {isa = PBXBuildFile; fileRef = BACD18221F08E5FC0072FF2C /* ITVUser.swift */; };
		BACD18251F08E6C40072FF2C /* IntervalTimerEnums.swift in Sources */ = {isa = PBXBuildFile; fileRef = BACD18241F08E6C40072FF2C /* IntervalTimerEnums.swift */; };
		BAD8A4B41F554C58007F8DEA /* Assets.xcassets in Resources */ = {isa = PBXBuildFile; fileRef = BAD8A4B31F554C58007F8DEA /* Assets.xcassets */; };
		BAD8A4B61F55531E007F8DEA /* TimersViewControllerActions.swift in Sources */ = {isa = PBXBuildFile; fileRef = BAD8A4B51F55531E007F8DEA /* TimersViewControllerActions.swift */; };
		BAED0C331F5EB90200F9A3FC /* ITVWarningLocationManagerDidFailView.xib in Resources */ = {isa = PBXBuildFile; fileRef = BAED0C321F5EB90200F9A3FC /* ITVWarningLocationManagerDidFailView.xib */; };
		BAED0C351F5EBA0700F9A3FC /* ITVWarningLocationManagerDidFailView.swift in Sources */ = {isa = PBXBuildFile; fileRef = BAED0C341F5EBA0700F9A3FC /* ITVWarningLocationManagerDidFailView.swift */; };
		BAED0C371F5ECBDC00F9A3FC /* ITVProtocols.swift in Sources */ = {isa = PBXBuildFile; fileRef = BAED0C361F5ECBDC00F9A3FC /* ITVProtocols.swift */; };
		BAED0C391F5ED2B200F9A3FC /* ITVUIViewWarningAlert.swift in Sources */ = {isa = PBXBuildFile; fileRef = BAED0C381F5ED2B200F9A3FC /* ITVUIViewWarningAlert.swift */; };
		BAED0C3D1F5F994600F9A3FC /* ITVWarningAllowLocationServicesView.xib in Resources */ = {isa = PBXBuildFile; fileRef = BAED0C3C1F5F994600F9A3FC /* ITVWarningAllowLocationServicesView.xib */; };
		BAED0C3F1F5F9AC800F9A3FC /* ITVWarningAllowLocationServicesView.swift in Sources */ = {isa = PBXBuildFile; fileRef = BAED0C3E1F5F9AC800F9A3FC /* ITVWarningAllowLocationServicesView.swift */; };
		BAED0C411F5FC4EE00F9A3FC /* ITVUserWarningProtocol.swift in Sources */ = {isa = PBXBuildFile; fileRef = BAED0C401F5FC4EE00F9A3FC /* ITVUserWarningProtocol.swift */; };
/* End PBXBuildFile section */

/* Begin PBXContainerItemProxy section */
		BA4BFE861EFF4D9D00E341DC /* PBXContainerItemProxy */ = {
			isa = PBXContainerItemProxy;
			containerPortal = BA4BFE691EFF4D9D00E341DC /* Project object */;
			proxyType = 1;
			remoteGlobalIDString = BA4BFE701EFF4D9D00E341DC;
			remoteInfo = IntervalTimer;
		};
		BA4BFE911EFF4D9D00E341DC /* PBXContainerItemProxy */ = {
			isa = PBXContainerItemProxy;
			containerPortal = BA4BFE691EFF4D9D00E341DC /* Project object */;
			proxyType = 1;
			remoteGlobalIDString = BA4BFE701EFF4D9D00E341DC;
			remoteInfo = IntervalTimer;
		};
/* End PBXContainerItemProxy section */

/* Begin PBXFileReference section */
		BA116C8B1F08A847001CDA80 /* ITVWeatherService.swift */ = {isa = PBXFileReference; fileEncoding = 4; lastKnownFileType = sourcecode.swift; name = ITVWeatherService.swift; path = IntervalTimer/ITVWeatherService.swift; sourceTree = "<group>"; };
		BA116C8D1F08AB39001CDA80 /* ITVCurrentWeather.swift */ = {isa = PBXFileReference; fileEncoding = 4; lastKnownFileType = sourcecode.swift; name = ITVCurrentWeather.swift; path = IntervalTimer/ITVCurrentWeather.swift; sourceTree = "<group>"; };
		BA12B9511F0E01000036C7AB /* IntervalTimerUIApplication.swift */ = {isa = PBXFileReference; fileEncoding = 4; lastKnownFileType = sourcecode.swift; path = IntervalTimerUIApplication.swift; sourceTree = "<group>"; };
		BA1C02B71F56B7B4001550FF /* ITVTimerTimerFuncs.swift */ = {isa = PBXFileReference; fileEncoding = 4; lastKnownFileType = sourcecode.swift; path = ITVTimerTimerFuncs.swift; sourceTree = "<group>"; };
		BA1C02B91F56C14A001550FF /* TimersViewControllerSegue.swift */ = {isa = PBXFileReference; fileEncoding = 4; lastKnownFileType = sourcecode.swift; path = TimersViewControllerSegue.swift; sourceTree = "<group>"; };
		BA21FDA01F6181B100ABC94E /* TestLocations.gpx */ = {isa = PBXFileReference; fileEncoding = 4; lastKnownFileType = text.xml; path = TestLocations.gpx; sourceTree = "<group>"; };
		BA21FDA61F6181FD00ABC94E /* UCBadUrlLocationionName.gpx */ = {isa = PBXFileReference; lastKnownFileType = text.xml; path = UCBadUrlLocationionName.gpx; sourceTree = "<group>"; };
		BA21FDA71F61827000ABC94E /* UCCLPlacemarkIsNil.gpx */ = {isa = PBXFileReference; lastKnownFileType = text.xml; path = UCCLPlacemarkIsNil.gpx; sourceTree = "<group>"; };
		BA21FDA81F6182AF00ABC94E /* UCNoLocationNameNoAlternativeNoCityId.gpx */ = {isa = PBXFileReference; lastKnownFileType = text.xml; path = UCNoLocationNameNoAlternativeNoCityId.gpx; sourceTree = "<group>"; };
		BA21FDA91F6182E600ABC94E /* UCAlternativeLocationName.gpx */ = {isa = PBXFileReference; lastKnownFileType = text.xml; path = UCAlternativeLocationName.gpx; sourceTree = "<group>"; };
		BA21FDAA1F61893300ABC94E /* TimerViewControllerHelpers.swift */ = {isa = PBXFileReference; fileEncoding = 4; lastKnownFileType = sourcecode.swift; path = TimerViewControllerHelpers.swift; sourceTree = "<group>"; };
		BA21FDAC1F618C4500ABC94E /* ITVCityRetreival.swift */ = {isa = PBXFileReference; fileEncoding = 4; lastKnownFileType = sourcecode.swift; path = ITVCityRetreival.swift; sourceTree = "<group>"; };
		BA21FDB01F62469600ABC94E /* EditTimerViewControllerNotifications.swift */ = {isa = PBXFileReference; fileEncoding = 4; lastKnownFileType = sourcecode.swift; path = EditTimerViewControllerNotifications.swift; sourceTree = "<group>"; };
		BA2B280B1F35D35E00823B93 /* IntervalTimerUIButton.swift */ = {isa = PBXFileReference; fileEncoding = 4; lastKnownFileType = sourcecode.swift; path = IntervalTimerUIButton.swift; sourceTree = "<group>"; };
		BA324EE71F067AB700F38DE4 /* TimerViewController.swift */ = {isa = PBXFileReference; fileEncoding = 4; lastKnownFileType = sourcecode.swift; path = TimerViewController.swift; sourceTree = "<group>"; };
		BA42AB621F49BAB100CF1239 /* TimersTableViewCell.swift */ = {isa = PBXFileReference; fileEncoding = 4; lastKnownFileType = sourcecode.swift; path = TimersTableViewCell.swift; sourceTree = "<group>"; };
		BA42AB631F49BAB100CF1239 /* TimersTableViewCell.xib */ = {isa = PBXFileReference; fileEncoding = 4; lastKnownFileType = file.xib; path = TimersTableViewCell.xib; sourceTree = "<group>"; };
		BA42AB661F49E84A00CF1239 /* TimersViewControllerTableView.swift */ = {isa = PBXFileReference; fileEncoding = 4; lastKnownFileType = sourcecode.swift; path = TimersViewControllerTableView.swift; sourceTree = "<group>"; };
		BA42AB681F49E8B500CF1239 /* TimersViewControllerNavigationBar.swift */ = {isa = PBXFileReference; fileEncoding = 4; lastKnownFileType = sourcecode.swift; path = TimersViewControllerNavigationBar.swift; sourceTree = "<group>"; };
		BA42AB6C1F49EA1B00CF1239 /* ITVUserHelpers.swift */ = {isa = PBXFileReference; fileEncoding = 4; lastKnownFileType = sourcecode.swift; path = ITVUserHelpers.swift; sourceTree = "<group>"; };
		BA42AB721F4A679C00CF1239 /* ITVCoreLocation.swift */ = {isa = PBXFileReference; fileEncoding = 4; lastKnownFileType = sourcecode.swift; path = ITVCoreLocation.swift; sourceTree = "<group>"; };
		BA4370281F59261600E144D2 /* ITVCoreLocationHelpers.swift */ = {isa = PBXFileReference; fileEncoding = 4; lastKnownFileType = sourcecode.swift; path = ITVCoreLocationHelpers.swift; sourceTree = "<group>"; };
		BA43702A1F59289E00E144D2 /* ITVCoreLocationCoreLocation.swift */ = {isa = PBXFileReference; fileEncoding = 4; lastKnownFileType = sourcecode.swift; path = ITVCoreLocationCoreLocation.swift; sourceTree = "<group>"; };
		BA4A1C6D1F4ED7080092DD89 /* TimerViewControllerLifeCycle.swift */ = {isa = PBXFileReference; fileEncoding = 4; lastKnownFileType = sourcecode.swift; path = TimerViewControllerLifeCycle.swift; sourceTree = "<group>"; };
		BA4BFE711EFF4D9D00E341DC /* IntervalTimer.app */ = {isa = PBXFileReference; explicitFileType = wrapper.application; includeInIndex = 0; path = IntervalTimer.app; sourceTree = BUILT_PRODUCTS_DIR; };
		BA4BFE741EFF4D9D00E341DC /* AppDelegate.swift */ = {isa = PBXFileReference; lastKnownFileType = sourcecode.swift; path = AppDelegate.swift; sourceTree = "<group>"; };
		BA4BFE761EFF4D9D00E341DC /* TimersViewController.swift */ = {isa = PBXFileReference; lastKnownFileType = sourcecode.swift; name = TimersViewController.swift; path = IntervalTimer/TimersViewController.swift; sourceTree = "<group>"; };
		BA4BFE791EFF4D9D00E341DC /* Base */ = {isa = PBXFileReference; lastKnownFileType = file.storyboard; name = Base; path = Base.lproj/Main.storyboard; sourceTree = "<group>"; };
		BA4BFE7E1EFF4D9D00E341DC /* Base */ = {isa = PBXFileReference; lastKnownFileType = file.storyboard; name = Base; path = Base.lproj/LaunchScreen.storyboard; sourceTree = "<group>"; };
		BA4BFE801EFF4D9D00E341DC /* Info.plist */ = {isa = PBXFileReference; lastKnownFileType = text.plist.xml; path = Info.plist; sourceTree = "<group>"; };
		BA4BFE851EFF4D9D00E341DC /* IntervalTimerTests.xctest */ = {isa = PBXFileReference; explicitFileType = wrapper.cfbundle; includeInIndex = 0; path = IntervalTimerTests.xctest; sourceTree = BUILT_PRODUCTS_DIR; };
		BA4BFE891EFF4D9D00E341DC /* IntervalTimerTests.swift */ = {isa = PBXFileReference; lastKnownFileType = sourcecode.swift; path = IntervalTimerTests.swift; sourceTree = "<group>"; };
		BA4BFE8B1EFF4D9D00E341DC /* Info.plist */ = {isa = PBXFileReference; lastKnownFileType = text.plist.xml; path = Info.plist; sourceTree = "<group>"; };
		BA4BFE901EFF4D9D00E341DC /* IntervalTimerUITests.xctest */ = {isa = PBXFileReference; explicitFileType = wrapper.cfbundle; includeInIndex = 0; path = IntervalTimerUITests.xctest; sourceTree = BUILT_PRODUCTS_DIR; };
		BA4BFE941EFF4D9D00E341DC /* IntervalTimerUITests.swift */ = {isa = PBXFileReference; lastKnownFileType = sourcecode.swift; path = IntervalTimerUITests.swift; sourceTree = "<group>"; };
		BA4BFE961EFF4D9D00E341DC /* Info.plist */ = {isa = PBXFileReference; lastKnownFileType = text.plist.xml; path = Info.plist; sourceTree = "<group>"; };
		BA4BFEA21EFF52CF00E341DC /* ITVColors.swift */ = {isa = PBXFileReference; fileEncoding = 4; lastKnownFileType = sourcecode.swift; path = ITVColors.swift; sourceTree = "<group>"; };
		BA4BFEA41EFFA0FD00E341DC /* IntervalTimerUIBarButtonItems.swift */ = {isa = PBXFileReference; fileEncoding = 4; lastKnownFileType = sourcecode.swift; path = IntervalTimerUIBarButtonItems.swift; sourceTree = "<group>"; };
		BA4BFEA81EFFA16500E341DC /* IntervalTimerGlobals.swift */ = {isa = PBXFileReference; fileEncoding = 4; lastKnownFileType = sourcecode.swift; path = IntervalTimerGlobals.swift; sourceTree = "<group>"; };
		BA4BFEAB1EFFAF2100E341DC /* EditTimerViewController.swift */ = {isa = PBXFileReference; fileEncoding = 4; lastKnownFileType = sourcecode.swift; path = EditTimerViewController.swift; sourceTree = "<group>"; };
		BA4BFEAE1EFFB8EB00E341DC /* IntervalTimerUILabel.swift */ = {isa = PBXFileReference; fileEncoding = 4; lastKnownFileType = sourcecode.swift; path = IntervalTimerUILabel.swift; sourceTree = "<group>"; };
		BA4BFEB01EFFC55700E341DC /* EditIntervalViewController.swift */ = {isa = PBXFileReference; fileEncoding = 4; lastKnownFileType = sourcecode.swift; path = EditIntervalViewController.swift; sourceTree = "<group>"; };
		BA4BFEB41EFFD5E400E341DC /* ITVUIImageViewIndicator.swift */ = {isa = PBXFileReference; fileEncoding = 4; lastKnownFileType = sourcecode.swift; path = ITVUIImageViewIndicator.swift; sourceTree = "<group>"; };
		BA724BCD1F0B3BD100A211BD /* cityList.20170703.csv */ = {isa = PBXFileReference; fileEncoding = 4; lastKnownFileType = text; path = cityList.20170703.csv; sourceTree = "<group>"; };
		BA77AE761F49415200AD34BE /* TimerViewControllerActions.swift */ = {isa = PBXFileReference; fileEncoding = 4; lastKnownFileType = sourcecode.swift; path = TimerViewControllerActions.swift; sourceTree = "<group>"; };
		BA77AE781F4941DC00AD34BE /* TimerViewControllerTimer.swift */ = {isa = PBXFileReference; fileEncoding = 4; lastKnownFileType = sourcecode.swift; path = TimerViewControllerTimer.swift; sourceTree = "<group>"; };
		BA77AE7A1F49424F00AD34BE /* TimerViewControllerWeather.swift */ = {isa = PBXFileReference; fileEncoding = 4; lastKnownFileType = sourcecode.swift; path = TimerViewControllerWeather.swift; sourceTree = "<group>"; };
		BA77AE7C1F4942B100AD34BE /* TimerViewControllerAesthetics.swift */ = {isa = PBXFileReference; fileEncoding = 4; lastKnownFileType = sourcecode.swift; path = TimerViewControllerAesthetics.swift; sourceTree = "<group>"; };
		BA77AE7E1F4942FC00AD34BE /* TimerViewControllerNotifications.swift */ = {isa = PBXFileReference; fileEncoding = 4; lastKnownFileType = sourcecode.swift; path = TimerViewControllerNotifications.swift; sourceTree = "<group>"; };
		BA77AE801F49432500AD34BE /* TimerViewControllerNavigationBar.swift */ = {isa = PBXFileReference; fileEncoding = 4; lastKnownFileType = sourcecode.swift; path = TimerViewControllerNavigationBar.swift; sourceTree = "<group>"; };
		BA77AE821F4943C500AD34BE /* EditIntervalViewControllerActions.swift */ = {isa = PBXFileReference; fileEncoding = 4; lastKnownFileType = sourcecode.swift; path = EditIntervalViewControllerActions.swift; sourceTree = "<group>"; };
		BA77AE841F4943F300AD34BE /* EditIntervalViewControllerTextField.swift */ = {isa = PBXFileReference; fileEncoding = 4; lastKnownFileType = sourcecode.swift; path = EditIntervalViewControllerTextField.swift; sourceTree = "<group>"; };
		BA77AE861F49444B00AD34BE /* EditIntervalViewControllerNavigationBar.swift */ = {isa = PBXFileReference; fileEncoding = 4; lastKnownFileType = sourcecode.swift; path = EditIntervalViewControllerNavigationBar.swift; sourceTree = "<group>"; };
		BA77AE8C1F49883D00AD34BE /* ITVCityServiceCityRetreival.swift */ = {isa = PBXFileReference; fileEncoding = 4; lastKnownFileType = sourcecode.swift; path = ITVCityServiceCityRetreival.swift; sourceTree = "<group>"; };
		BA77AE8E1F498D3800AD34BE /* ITVWeatherServiceWeatherRetreival.swift */ = {isa = PBXFileReference; fileEncoding = 4; lastKnownFileType = sourcecode.swift; path = ITVWeatherServiceWeatherRetreival.swift; sourceTree = "<group>"; };
		BA90FA691F5958D2006EB239 /* EditTimerViewControllerActions.swift */ = {isa = PBXFileReference; fileEncoding = 4; lastKnownFileType = sourcecode.swift; path = EditTimerViewControllerActions.swift; sourceTree = "<group>"; };
		BA90FA6B1F595921006EB239 /* EditTimerViewControllerLifeCycle.swift */ = {isa = PBXFileReference; fileEncoding = 4; lastKnownFileType = sourcecode.swift; path = EditTimerViewControllerLifeCycle.swift; sourceTree = "<group>"; };
		BA90FA6D1F59594C006EB239 /* EditTimerViewControllerNavigationBar.swift */ = {isa = PBXFileReference; fileEncoding = 4; lastKnownFileType = sourcecode.swift; path = EditTimerViewControllerNavigationBar.swift; sourceTree = "<group>"; };
		BA90FA6F1F59597C006EB239 /* EditTimerViewControllerHelpers.swift */ = {isa = PBXFileReference; fileEncoding = 4; lastKnownFileType = sourcecode.swift; path = EditTimerViewControllerHelpers.swift; sourceTree = "<group>"; };
		BA90FA711F596C7C006EB239 /* EditTimerViewControllerAesthetics.swift */ = {isa = PBXFileReference; fileEncoding = 4; lastKnownFileType = sourcecode.swift; path = EditTimerViewControllerAesthetics.swift; sourceTree = "<group>"; };
		BAA11C421F5BB56B005F3259 /* EditTimerViewControllerWeather.swift */ = {isa = PBXFileReference; fileEncoding = 4; lastKnownFileType = sourcecode.swift; path = EditTimerViewControllerWeather.swift; sourceTree = "<group>"; };
		BAA11C4C1F5BFC8A005F3259 /* ITVUIView.swift */ = {isa = PBXFileReference; fileEncoding = 4; lastKnownFileType = sourcecode.swift; path = ITVUIView.swift; sourceTree = "<group>"; };
		BAA11C501F5D4F3F005F3259 /* ITVWarningDisableAirPlaneModeView.swift */ = {isa = PBXFileReference; fileEncoding = 4; lastKnownFileType = sourcecode.swift; path = ITVWarningDisableAirPlaneModeView.swift; sourceTree = "<group>"; };
		BAA11C521F5D4F49005F3259 /* ITVWarningDisableAirPlaneModeView.xib */ = {isa = PBXFileReference; fileEncoding = 4; lastKnownFileType = file.xib; path = ITVWarningDisableAirPlaneModeView.xib; sourceTree = "<group>"; };
		BAA11C551F5D58B9005F3259 /* ITVWarningConnectToInternetView.swift */ = {isa = PBXFileReference; fileEncoding = 4; lastKnownFileType = sourcecode.swift; path = ITVWarningConnectToInternetView.swift; sourceTree = "<group>"; };
		BAA11C571F5D58D2005F3259 /* ITVWarningConnectToInternetView.xib */ = {isa = PBXFileReference; fileEncoding = 4; lastKnownFileType = file.xib; path = ITVWarningConnectToInternetView.xib; sourceTree = "<group>"; };
		BAABCA7F1F555474008C5B85 /* ITVTimer.swift */ = {isa = PBXFileReference; fileEncoding = 4; lastKnownFileType = sourcecode.swift; path = ITVTimer.swift; sourceTree = "<group>"; };
		BAABCA811F56610E008C5B85 /* ITVInterval.swift */ = {isa = PBXFileReference; fileEncoding = 4; lastKnownFileType = sourcecode.swift; path = ITVInterval.swift; sourceTree = "<group>"; };
		BAABCA831F5674E8008C5B85 /* EditIntervalViewControllerAesthetics.swift */ = {isa = PBXFileReference; fileEncoding = 4; lastKnownFileType = sourcecode.swift; path = EditIntervalViewControllerAesthetics.swift; sourceTree = "<group>"; };
		BAABCA851F56750E008C5B85 /* EditIntervalViewControllerLifeCycle.swift */ = {isa = PBXFileReference; fileEncoding = 4; lastKnownFileType = sourcecode.swift; path = EditIntervalViewControllerLifeCycle.swift; sourceTree = "<group>"; };
		BAAFE44B1F0A04BF00D3619E /* IntervalTimerFuncs.swift */ = {isa = PBXFileReference; fileEncoding = 4; lastKnownFileType = sourcecode.swift; path = IntervalTimerFuncs.swift; sourceTree = "<group>"; };
		BAAFE4501F0A366000D3619E /* ITVDownloadJSON.swift */ = {isa = PBXFileReference; fileEncoding = 4; lastKnownFileType = sourcecode.swift; name = ITVDownloadJSON.swift; path = IntervalTimer/ITVDownloadJSON.swift; sourceTree = "<group>"; };
		BAC38F8A1F2EF54400AE0057 /* ITVCity.swift */ = {isa = PBXFileReference; fileEncoding = 4; lastKnownFileType = sourcecode.swift; path = ITVCity.swift; sourceTree = "<group>"; };
		BAC38F8C1F2F15B900AE0057 /* ITVCityService.swift */ = {isa = PBXFileReference; fileEncoding = 4; lastKnownFileType = sourcecode.swift; path = ITVCityService.swift; sourceTree = "<group>"; };
		BAC38F8E1F2F7D1400AE0057 /* ITVCsv.swift */ = {isa = PBXFileReference; fileEncoding = 4; lastKnownFileType = sourcecode.swift; path = ITVCsv.swift; sourceTree = "<group>"; };
		BAC748B81F5FE4DD003F9E31 /* ITVNSObject.swift */ = {isa = PBXFileReference; fileEncoding = 4; lastKnownFileType = sourcecode.swift; path = ITVNSObject.swift; sourceTree = "<group>"; };
		BAC748BA1F5FFF23003F9E31 /* ITVCurrentWeatherHelpers.swift */ = {isa = PBXFileReference; fileEncoding = 4; lastKnownFileType = sourcecode.swift; path = ITVCurrentWeatherHelpers.swift; sourceTree = "<group>"; };
		BAC748BC1F5FFF4E003F9E31 /* ITVCurrentWeatherRetreival.swift */ = {isa = PBXFileReference; fileEncoding = 4; lastKnownFileType = sourcecode.swift; path = ITVCurrentWeatherRetreival.swift; sourceTree = "<group>"; };
		BAC748BE1F613B21003F9E31 /* ITVWarningForUser.swift */ = {isa = PBXFileReference; fileEncoding = 4; lastKnownFileType = sourcecode.swift; path = ITVWarningForUser.swift; sourceTree = "<group>"; };
		BACD18221F08E5FC0072FF2C /* ITVUser.swift */ = {isa = PBXFileReference; fileEncoding = 4; lastKnownFileType = sourcecode.swift; name = ITVUser.swift; path = IntervalTimer/ITVUser.swift; sourceTree = "<group>"; };
		BACD18241F08E6C40072FF2C /* IntervalTimerEnums.swift */ = {isa = PBXFileReference; fileEncoding = 4; lastKnownFileType = sourcecode.swift; path = IntervalTimerEnums.swift; sourceTree = "<group>"; };
		BAD8A4B31F554C58007F8DEA /* Assets.xcassets */ = {isa = PBXFileReference; lastKnownFileType = folder.assetcatalog; path = Assets.xcassets; sourceTree = "<group>"; };
		BAD8A4B51F55531E007F8DEA /* TimersViewControllerActions.swift */ = {isa = PBXFileReference; fileEncoding = 4; lastKnownFileType = sourcecode.swift; path = TimersViewControllerActions.swift; sourceTree = "<group>"; };
		BAED0C321F5EB90200F9A3FC /* ITVWarningLocationManagerDidFailView.xib */ = {isa = PBXFileReference; fileEncoding = 4; lastKnownFileType = file.xib; path = ITVWarningLocationManagerDidFailView.xib; sourceTree = "<group>"; };
		BAED0C341F5EBA0700F9A3FC /* ITVWarningLocationManagerDidFailView.swift */ = {isa = PBXFileReference; fileEncoding = 4; lastKnownFileType = sourcecode.swift; path = ITVWarningLocationManagerDidFailView.swift; sourceTree = "<group>"; };
		BAED0C361F5ECBDC00F9A3FC /* ITVProtocols.swift */ = {isa = PBXFileReference; fileEncoding = 4; lastKnownFileType = sourcecode.swift; path = ITVProtocols.swift; sourceTree = "<group>"; };
		BAED0C381F5ED2B200F9A3FC /* ITVUIViewWarningAlert.swift */ = {isa = PBXFileReference; fileEncoding = 4; lastKnownFileType = sourcecode.swift; path = ITVUIViewWarningAlert.swift; sourceTree = "<group>"; };
		BAED0C3C1F5F994600F9A3FC /* ITVWarningAllowLocationServicesView.xib */ = {isa = PBXFileReference; fileEncoding = 4; lastKnownFileType = file.xib; path = ITVWarningAllowLocationServicesView.xib; sourceTree = "<group>"; };
		BAED0C3E1F5F9AC800F9A3FC /* ITVWarningAllowLocationServicesView.swift */ = {isa = PBXFileReference; fileEncoding = 4; lastKnownFileType = sourcecode.swift; path = ITVWarningAllowLocationServicesView.swift; sourceTree = "<group>"; };
		BAED0C401F5FC4EE00F9A3FC /* ITVUserWarningProtocol.swift */ = {isa = PBXFileReference; fileEncoding = 4; lastKnownFileType = sourcecode.swift; path = ITVUserWarningProtocol.swift; sourceTree = "<group>"; };
/* End PBXFileReference section */

/* Begin PBXFrameworksBuildPhase section */
		BA4BFE6E1EFF4D9D00E341DC /* Frameworks */ = {
			isa = PBXFrameworksBuildPhase;
			buildActionMask = 2147483647;
			files = (
			);
			runOnlyForDeploymentPostprocessing = 0;
		};
		BA4BFE821EFF4D9D00E341DC /* Frameworks */ = {
			isa = PBXFrameworksBuildPhase;
			buildActionMask = 2147483647;
			files = (
			);
			runOnlyForDeploymentPostprocessing = 0;
		};
		BA4BFE8D1EFF4D9D00E341DC /* Frameworks */ = {
			isa = PBXFrameworksBuildPhase;
			buildActionMask = 2147483647;
			files = (
			);
			runOnlyForDeploymentPostprocessing = 0;
		};
/* End PBXFrameworksBuildPhase section */

/* Begin PBXGroup section */
		BA1CCBA71F248AB100A3D0B3 /* Networking */ = {
			isa = PBXGroup;
			children = (
				BAC38F8C1F2F15B900AE0057 /* ITVCityService.swift */,
				BA77AE8C1F49883D00AD34BE /* ITVCityServiceCityRetreival.swift */,
				BAAFE4501F0A366000D3619E /* ITVDownloadJSON.swift */,
				BA116C8B1F08A847001CDA80 /* ITVWeatherService.swift */,
				BA77AE8E1F498D3800AD34BE /* ITVWeatherServiceWeatherRetreival.swift */,
			);
			name = Networking;
			sourceTree = "<group>";
		};
		BA1CCBA81F248B3000A3D0B3 /* UI Subclasses and Extensions */ = {
			isa = PBXGroup;
			children = (
				BA12B9511F0E01000036C7AB /* IntervalTimerUIApplication.swift */,
				BA4BFEA41EFFA0FD00E341DC /* IntervalTimerUIBarButtonItems.swift */,
				BA2B280B1F35D35E00823B93 /* IntervalTimerUIButton.swift */,
				BA4BFEAE1EFFB8EB00E341DC /* IntervalTimerUILabel.swift */,
				BAC748B81F5FE4DD003F9E31 /* ITVNSObject.swift */,
				BA4BFEB41EFFD5E400E341DC /* ITVUIImageViewIndicator.swift */,
				BAA11C4C1F5BFC8A005F3259 /* ITVUIView.swift */,
				BAED0C381F5ED2B200F9A3FC /* ITVUIViewWarningAlert.swift */,
				BAED0C401F5FC4EE00F9A3FC /* ITVUserWarningProtocol.swift */,
			);
			name = "UI Subclasses and Extensions";
			path = IntervalTimer;
			sourceTree = "<group>";
		};
		BA21FDA51F6181B800ABC94E /* GPX */ = {
			isa = PBXGroup;
			children = (
				BA21FDA61F6181FD00ABC94E /* UCBadUrlLocationionName.gpx */,
				BA21FDA91F6182E600ABC94E /* UCAlternativeLocationName.gpx */,
				BA21FDA81F6182AF00ABC94E /* UCNoLocationNameNoAlternativeNoCityId.gpx */,
				BA21FDA71F61827000ABC94E /* UCCLPlacemarkIsNil.gpx */,
				BA21FDA01F6181B100ABC94E /* TestLocations.gpx */,
			);
			name = GPX;
			path = IntervalTimer;
			sourceTree = "<group>";
		};
		BA4BFE681EFF4D9D00E341DC = {
			isa = PBXGroup;
			children = (
				BA21FDA51F6181B800ABC94E /* GPX */,
				BA4BFE731EFF4D9D00E341DC /* IntervalTimer */,
				BAC38F891F2EF52A00AE0057 /* Models */,
				BA1CCBA71F248AB100A3D0B3 /* Networking */,
				BAD8A4B01F553E1C007F8DEA /* NibClasses */,
				BAA11C541F5D4F60005F3259 /* Nibs */,
				BA4BFE721EFF4D9D00E341DC /* Products */,
				BAC38F901F2F7D1F00AE0057 /* Singletons */,
				BA4BFEAD1EFFAF7400E341DC /* Storyboards */,
				BA4BFEA71EFFA11D00E341DC /* Tests */,
				BA1CCBA81F248B3000A3D0B3 /* UI Subclasses and Extensions */,
				BA4BFEA61EFFA10400E341DC /* Utilities */,
				BA4BFEAA1EFFAEEB00E341DC /* ViewControllers */,
			);
			sourceTree = "<group>";
		};
		BA4BFE721EFF4D9D00E341DC /* Products */ = {
			isa = PBXGroup;
			children = (
				BA4BFE711EFF4D9D00E341DC /* IntervalTimer.app */,
				BA4BFE851EFF4D9D00E341DC /* IntervalTimerTests.xctest */,
				BA4BFE901EFF4D9D00E341DC /* IntervalTimerUITests.xctest */,
			);
			name = Products;
			sourceTree = "<group>";
		};
		BA4BFE731EFF4D9D00E341DC /* IntervalTimer */ = {
			isa = PBXGroup;
			children = (
				BAD8A4B31F554C58007F8DEA /* Assets.xcassets */,
				BA724BCD1F0B3BD100A211BD /* cityList.20170703.csv */,
				BA4BFE741EFF4D9D00E341DC /* AppDelegate.swift */,
				BA4BFE801EFF4D9D00E341DC /* Info.plist */,
			);
			path = IntervalTimer;
			sourceTree = "<group>";
		};
		BA4BFE881EFF4D9D00E341DC /* IntervalTimerTests */ = {
			isa = PBXGroup;
			children = (
				BA4BFE891EFF4D9D00E341DC /* IntervalTimerTests.swift */,
				BA4BFE8B1EFF4D9D00E341DC /* Info.plist */,
			);
			path = IntervalTimerTests;
			sourceTree = "<group>";
		};
		BA4BFE931EFF4D9D00E341DC /* IntervalTimerUITests */ = {
			isa = PBXGroup;
			children = (
				BA4BFE941EFF4D9D00E341DC /* IntervalTimerUITests.swift */,
				BA4BFE961EFF4D9D00E341DC /* Info.plist */,
			);
			path = IntervalTimerUITests;
			sourceTree = "<group>";
		};
		BA4BFEA61EFFA10400E341DC /* Utilities */ = {
			isa = PBXGroup;
			children = (
				BA4BFEA21EFF52CF00E341DC /* ITVColors.swift */,
				BACD18241F08E6C40072FF2C /* IntervalTimerEnums.swift */,
				BAAFE44B1F0A04BF00D3619E /* IntervalTimerFuncs.swift */,
				BA4BFEA81EFFA16500E341DC /* IntervalTimerGlobals.swift */,
				BAED0C361F5ECBDC00F9A3FC /* ITVProtocols.swift */,
			);
			name = Utilities;
			path = IntervalTimer;
			sourceTree = "<group>";
		};
		BA4BFEA71EFFA11D00E341DC /* Tests */ = {
			isa = PBXGroup;
			children = (
				BA4BFE881EFF4D9D00E341DC /* IntervalTimerTests */,
				BA4BFE931EFF4D9D00E341DC /* IntervalTimerUITests */,
			);
			name = Tests;
			sourceTree = "<group>";
		};
		BA4BFEAA1EFFAEEB00E341DC /* ViewControllers */ = {
			isa = PBXGroup;
			children = (
				BA4BFEB01EFFC55700E341DC /* EditIntervalViewController.swift */,
				BA77AE821F4943C500AD34BE /* EditIntervalViewControllerActions.swift */,
				BAABCA831F5674E8008C5B85 /* EditIntervalViewControllerAesthetics.swift */,
				BAABCA851F56750E008C5B85 /* EditIntervalViewControllerLifeCycle.swift */,
				BA77AE861F49444B00AD34BE /* EditIntervalViewControllerNavigationBar.swift */,
				BA77AE841F4943F300AD34BE /* EditIntervalViewControllerTextField.swift */,
				BA4BFEAB1EFFAF2100E341DC /* EditTimerViewController.swift */,
				BA90FA691F5958D2006EB239 /* EditTimerViewControllerActions.swift */,
				BA90FA711F596C7C006EB239 /* EditTimerViewControllerAesthetics.swift */,
				BA90FA6F1F59597C006EB239 /* EditTimerViewControllerHelpers.swift */,
				BA90FA6B1F595921006EB239 /* EditTimerViewControllerLifeCycle.swift */,
				BA90FA6D1F59594C006EB239 /* EditTimerViewControllerNavigationBar.swift */,
				BA21FDB01F62469600ABC94E /* EditTimerViewControllerNotifications.swift */,
				BAA11C421F5BB56B005F3259 /* EditTimerViewControllerWeather.swift */,
				BA4BFE761EFF4D9D00E341DC /* TimersViewController.swift */,
				BAD8A4B51F55531E007F8DEA /* TimersViewControllerActions.swift */,
				BA42AB681F49E8B500CF1239 /* TimersViewControllerNavigationBar.swift */,
				BA1C02B91F56C14A001550FF /* TimersViewControllerSegue.swift */,
				BA42AB661F49E84A00CF1239 /* TimersViewControllerTableView.swift */,
				BA324EE71F067AB700F38DE4 /* TimerViewController.swift */,
				BA77AE761F49415200AD34BE /* TimerViewControllerActions.swift */,
				BA77AE7C1F4942B100AD34BE /* TimerViewControllerAesthetics.swift */,
				BA21FDAA1F61893300ABC94E /* TimerViewControllerHelpers.swift */,
				BA4A1C6D1F4ED7080092DD89 /* TimerViewControllerLifeCycle.swift */,
				BA77AE801F49432500AD34BE /* TimerViewControllerNavigationBar.swift */,
				BA77AE7E1F4942FC00AD34BE /* TimerViewControllerNotifications.swift */,
				BA77AE781F4941DC00AD34BE /* TimerViewControllerTimer.swift */,
				BA77AE7A1F49424F00AD34BE /* TimerViewControllerWeather.swift */,
			);
			name = ViewControllers;
			sourceTree = "<group>";
		};
		BA4BFEAD1EFFAF7400E341DC /* Storyboards */ = {
			isa = PBXGroup;
			children = (
				BA4BFE7D1EFF4D9D00E341DC /* LaunchScreen.storyboard */,
				BA4BFE781EFF4D9D00E341DC /* Main.storyboard */,
			);
			name = Storyboards;
			sourceTree = "<group>";
		};
		BAA11C541F5D4F60005F3259 /* Nibs */ = {
			isa = PBXGroup;
			children = (
				BAED0C3C1F5F994600F9A3FC /* ITVWarningAllowLocationServicesView.xib */,
				BAA11C571F5D58D2005F3259 /* ITVWarningConnectToInternetView.xib */,
				BAA11C521F5D4F49005F3259 /* ITVWarningDisableAirPlaneModeView.xib */,
				BAED0C321F5EB90200F9A3FC /* ITVWarningLocationManagerDidFailView.xib */,
				BA42AB631F49BAB100CF1239 /* TimersTableViewCell.xib */,
			);
			name = Nibs;
			sourceTree = "<group>";
		};
		BAC38F891F2EF52A00AE0057 /* Models */ = {
			isa = PBXGroup;
			children = (
				BAC38F8A1F2EF54400AE0057 /* ITVCity.swift */,
				BA21FDAC1F618C4500ABC94E /* ITVCityRetreival.swift */,
				BA116C8D1F08AB39001CDA80 /* ITVCurrentWeather.swift */,
				BAC748BA1F5FFF23003F9E31 /* ITVCurrentWeatherHelpers.swift */,
				BAC748BC1F5FFF4E003F9E31 /* ITVCurrentWeatherRetreival.swift */,
				BAABCA811F56610E008C5B85 /* ITVInterval.swift */,
				BAABCA7F1F555474008C5B85 /* ITVTimer.swift */,
				BA1C02B71F56B7B4001550FF /* ITVTimerTimerFuncs.swift */,
			);
			name = Models;
			sourceTree = "<group>";
		};
		BAC38F901F2F7D1F00AE0057 /* Singletons */ = {
			isa = PBXGroup;
			children = (
				BA42AB721F4A679C00CF1239 /* ITVCoreLocation.swift */,
				BA43702A1F59289E00E144D2 /* ITVCoreLocationCoreLocation.swift */,
				BA4370281F59261600E144D2 /* ITVCoreLocationHelpers.swift */,
				BAC38F8E1F2F7D1400AE0057 /* ITVCsv.swift */,
				BACD18221F08E5FC0072FF2C /* ITVUser.swift */,
				BA42AB6C1F49EA1B00CF1239 /* ITVUserHelpers.swift */,
				BAC748BE1F613B21003F9E31 /* ITVWarningForUser.swift */,
			);
			name = Singletons;
			sourceTree = "<group>";
		};
		BAD8A4B01F553E1C007F8DEA /* NibClasses */ = {
			isa = PBXGroup;
			children = (
				BAED0C3E1F5F9AC800F9A3FC /* ITVWarningAllowLocationServicesView.swift */,
				BAA11C551F5D58B9005F3259 /* ITVWarningConnectToInternetView.swift */,
				BAA11C501F5D4F3F005F3259 /* ITVWarningDisableAirPlaneModeView.swift */,
				BAED0C341F5EBA0700F9A3FC /* ITVWarningLocationManagerDidFailView.swift */,
				BA42AB621F49BAB100CF1239 /* TimersTableViewCell.swift */,
			);
			name = NibClasses;
			sourceTree = "<group>";
		};
/* End PBXGroup section */

/* Begin PBXNativeTarget section */
		BA4BFE701EFF4D9D00E341DC /* IntervalTimer */ = {
			isa = PBXNativeTarget;
			buildConfigurationList = BA4BFE991EFF4D9D00E341DC /* Build configuration list for PBXNativeTarget "IntervalTimer" */;
			buildPhases = (
				BA4BFE6D1EFF4D9D00E341DC /* Sources */,
				BA4BFE6E1EFF4D9D00E341DC /* Frameworks */,
				BA4BFE6F1EFF4D9D00E341DC /* Resources */,
				BA12B9501F0DF8910036C7AB /* ShellScript */,
			);
			buildRules = (
			);
			dependencies = (
			);
			name = IntervalTimer;
			productName = IntervalTimer;
			productReference = BA4BFE711EFF4D9D00E341DC /* IntervalTimer.app */;
			productType = "com.apple.product-type.application";
		};
		BA4BFE841EFF4D9D00E341DC /* IntervalTimerTests */ = {
			isa = PBXNativeTarget;
			buildConfigurationList = BA4BFE9C1EFF4D9D00E341DC /* Build configuration list for PBXNativeTarget "IntervalTimerTests" */;
			buildPhases = (
				BA4BFE811EFF4D9D00E341DC /* Sources */,
				BA4BFE821EFF4D9D00E341DC /* Frameworks */,
				BA4BFE831EFF4D9D00E341DC /* Resources */,
			);
			buildRules = (
			);
			dependencies = (
				BA4BFE871EFF4D9D00E341DC /* PBXTargetDependency */,
			);
			name = IntervalTimerTests;
			productName = IntervalTimerTests;
			productReference = BA4BFE851EFF4D9D00E341DC /* IntervalTimerTests.xctest */;
			productType = "com.apple.product-type.bundle.unit-test";
		};
		BA4BFE8F1EFF4D9D00E341DC /* IntervalTimerUITests */ = {
			isa = PBXNativeTarget;
			buildConfigurationList = BA4BFE9F1EFF4D9D00E341DC /* Build configuration list for PBXNativeTarget "IntervalTimerUITests" */;
			buildPhases = (
				BA4BFE8C1EFF4D9D00E341DC /* Sources */,
				BA4BFE8D1EFF4D9D00E341DC /* Frameworks */,
				BA4BFE8E1EFF4D9D00E341DC /* Resources */,
			);
			buildRules = (
			);
			dependencies = (
				BA4BFE921EFF4D9D00E341DC /* PBXTargetDependency */,
			);
			name = IntervalTimerUITests;
			productName = IntervalTimerUITests;
			productReference = BA4BFE901EFF4D9D00E341DC /* IntervalTimerUITests.xctest */;
			productType = "com.apple.product-type.bundle.ui-testing";
		};
/* End PBXNativeTarget section */

/* Begin PBXProject section */
		BA4BFE691EFF4D9D00E341DC /* Project object */ = {
			isa = PBXProject;
			attributes = {
				LastSwiftUpdateCheck = 0830;
				LastUpgradeCheck = 0830;
				ORGANIZATIONNAME = "Paul Addy";
				TargetAttributes = {
					BA4BFE701EFF4D9D00E341DC = {
						CreatedOnToolsVersion = 8.3.3;
						DevelopmentTeam = 9LWK3GY4G8;
						ProvisioningStyle = Automatic;
					};
					BA4BFE841EFF4D9D00E341DC = {
						CreatedOnToolsVersion = 8.3.3;
						DevelopmentTeam = 9LWK3GY4G8;
						ProvisioningStyle = Automatic;
						TestTargetID = BA4BFE701EFF4D9D00E341DC;
					};
					BA4BFE8F1EFF4D9D00E341DC = {
						CreatedOnToolsVersion = 8.3.3;
						DevelopmentTeam = 9LWK3GY4G8;
						ProvisioningStyle = Automatic;
						TestTargetID = BA4BFE701EFF4D9D00E341DC;
					};
				};
			};
			buildConfigurationList = BA4BFE6C1EFF4D9D00E341DC /* Build configuration list for PBXProject "IntervalTimer" */;
			compatibilityVersion = "Xcode 3.2";
			developmentRegion = English;
			hasScannedForEncodings = 0;
			knownRegions = (
				en,
				Base,
			);
			mainGroup = BA4BFE681EFF4D9D00E341DC;
			productRefGroup = BA4BFE721EFF4D9D00E341DC /* Products */;
			projectDirPath = "";
			projectRoot = "";
			targets = (
				BA4BFE701EFF4D9D00E341DC /* IntervalTimer */,
				BA4BFE841EFF4D9D00E341DC /* IntervalTimerTests */,
				BA4BFE8F1EFF4D9D00E341DC /* IntervalTimerUITests */,
			);
		};
/* End PBXProject section */

/* Begin PBXResourcesBuildPhase section */
		BA4BFE6F1EFF4D9D00E341DC /* Resources */ = {
			isa = PBXResourcesBuildPhase;
			buildActionMask = 2147483647;
			files = (
				BA21FDA31F6181B100ABC94E /* TestLocations.gpx in Resources */,
				BAA11C531F5D4F49005F3259 /* ITVWarningDisableAirPlaneModeView.xib in Resources */,
				BA4BFE7F1EFF4D9D00E341DC /* LaunchScreen.storyboard in Resources */,
				BAED0C3D1F5F994600F9A3FC /* ITVWarningAllowLocationServicesView.xib in Resources */,
				BA724BCE1F0B3BD100A211BD /* cityList.20170703.csv in Resources */,
				BA42AB651F49BAB100CF1239 /* TimersTableViewCell.xib in Resources */,
				BAED0C331F5EB90200F9A3FC /* ITVWarningLocationManagerDidFailView.xib in Resources */,
				BAA11C581F5D58D2005F3259 /* ITVWarningConnectToInternetView.xib in Resources */,
				BAD8A4B41F554C58007F8DEA /* Assets.xcassets in Resources */,
				BA4BFE7A1EFF4D9D00E341DC /* Main.storyboard in Resources */,
			);
			runOnlyForDeploymentPostprocessing = 0;
		};
		BA4BFE831EFF4D9D00E341DC /* Resources */ = {
			isa = PBXResourcesBuildPhase;
			buildActionMask = 2147483647;
			files = (
			);
			runOnlyForDeploymentPostprocessing = 0;
		};
		BA4BFE8E1EFF4D9D00E341DC /* Resources */ = {
			isa = PBXResourcesBuildPhase;
			buildActionMask = 2147483647;
			files = (
			);
			runOnlyForDeploymentPostprocessing = 0;
		};
/* End PBXResourcesBuildPhase section */

/* Begin PBXShellScriptBuildPhase section */
		BA12B9501F0DF8910036C7AB /* ShellScript */ = {
			isa = PBXShellScriptBuildPhase;
			buildActionMask = 2147483647;
			files = (
			);
			inputPaths = (
			);
			outputPaths = (
			);
			runOnlyForDeploymentPostprocessing = 0;
			shellPath = /bin/sh;
			shellScript = "TAGS=\"TODO:|FIXME:\"\necho \"searching ${SRCROOT} for ${TAGS}\"\nfind \"${SRCROOT}\" \\( -name \"*.swift\" \\) -print0 | xargs -0 egrep --with-filename --line-number --only-matching \"($TAGS).*\\$\" | perl -p -e \"s/($TAGS)/ warning: \\$1/\"";
		};
/* End PBXShellScriptBuildPhase section */

/* Begin PBXSourcesBuildPhase section */
		BA4BFE6D1EFF4D9D00E341DC /* Sources */ = {
			isa = PBXSourcesBuildPhase;
			buildActionMask = 2147483647;
			files = (
				BAC748BB1F5FFF23003F9E31 /* ITVCurrentWeatherHelpers.swift in Sources */,
				BA42AB671F49E84A00CF1239 /* TimersViewControllerTableView.swift in Sources */,
				BA12B9521F0E01000036C7AB /* IntervalTimerUIApplication.swift in Sources */,
				BA42AB691F49E8B500CF1239 /* TimersViewControllerNavigationBar.swift in Sources */,
				BAABCA801F555474008C5B85 /* ITVTimer.swift in Sources */,
				BA21FDAD1F618C4500ABC94E /* ITVCityRetreival.swift in Sources */,
				BA324EE81F067AB700F38DE4 /* TimerViewController.swift in Sources */,
				BAA11C431F5BB56B005F3259 /* EditTimerViewControllerWeather.swift in Sources */,
				BAC38F8D1F2F15B900AE0057 /* ITVCityService.swift in Sources */,
				BA90FA6A1F5958D2006EB239 /* EditTimerViewControllerActions.swift in Sources */,
				BAED0C351F5EBA0700F9A3FC /* ITVWarningLocationManagerDidFailView.swift in Sources */,
				BAABCA861F56750E008C5B85 /* EditIntervalViewControllerLifeCycle.swift in Sources */,
				BAED0C391F5ED2B200F9A3FC /* ITVUIViewWarningAlert.swift in Sources */,
				BA116C8C1F08A847001CDA80 /* ITVWeatherService.swift in Sources */,
				BA90FA721F596C7C006EB239 /* EditTimerViewControllerAesthetics.swift in Sources */,
				BA4BFEA91EFFA16500E341DC /* IntervalTimerGlobals.swift in Sources */,
				BA42AB641F49BAB100CF1239 /* TimersTableViewCell.swift in Sources */,
				BAABCA841F5674E8008C5B85 /* EditIntervalViewControllerAesthetics.swift in Sources */,
				BA4BFEA31EFF52CF00E341DC /* ITVColors.swift in Sources */,
				BA77AE7B1F49424F00AD34BE /* TimerViewControllerWeather.swift in Sources */,
				BA4BFEB11EFFC55700E341DC /* EditIntervalViewController.swift in Sources */,
				BA43702B1F59289E00E144D2 /* ITVCoreLocationCoreLocation.swift in Sources */,
				BAAFE4511F0A366000D3619E /* ITVDownloadJSON.swift in Sources */,
				BA4BFEAC1EFFAF2100E341DC /* EditTimerViewController.swift in Sources */,
				BAC748BF1F613B21003F9E31 /* ITVWarningForUser.swift in Sources */,
				BA21FDB11F62469600ABC94E /* EditTimerViewControllerNotifications.swift in Sources */,
				BA4BFEAF1EFFB8EB00E341DC /* IntervalTimerUILabel.swift in Sources */,
				BA42AB731F4A679C00CF1239 /* ITVCoreLocation.swift in Sources */,
				BACD18231F08E5FC0072FF2C /* ITVUser.swift in Sources */,
				BAD8A4B61F55531E007F8DEA /* TimersViewControllerActions.swift in Sources */,
				BAC38F8F1F2F7D1400AE0057 /* ITVCsv.swift in Sources */,
				BAED0C371F5ECBDC00F9A3FC /* ITVProtocols.swift in Sources */,
				BA77AE7F1F4942FC00AD34BE /* TimerViewControllerNotifications.swift in Sources */,
				BAC748BD1F5FFF4E003F9E31 /* ITVCurrentWeatherRetreival.swift in Sources */,
				BA90FA6E1F59594C006EB239 /* EditTimerViewControllerNavigationBar.swift in Sources */,
				BA77AE8F1F498D3800AD34BE /* ITVWeatherServiceWeatherRetreival.swift in Sources */,
				BA21FDAB1F61893300ABC94E /* TimerViewControllerHelpers.swift in Sources */,
				BA1C02B81F56B7B4001550FF /* ITVTimerTimerFuncs.swift in Sources */,
				BAABCA821F56610E008C5B85 /* ITVInterval.swift in Sources */,
				BA90FA6C1F595921006EB239 /* EditTimerViewControllerLifeCycle.swift in Sources */,
				BA77AE771F49415200AD34BE /* TimerViewControllerActions.swift in Sources */,
				BA2B280C1F35D35E00823B93 /* IntervalTimerUIButton.swift in Sources */,
				BAA11C561F5D58B9005F3259 /* ITVWarningConnectToInternetView.swift in Sources */,
				BAA11C511F5D4F3F005F3259 /* ITVWarningDisableAirPlaneModeView.swift in Sources */,
				BA42AB6D1F49EA1B00CF1239 /* ITVUserHelpers.swift in Sources */,
				BA77AE811F49432500AD34BE /* TimerViewControllerNavigationBar.swift in Sources */,
				BA116C8E1F08AB39001CDA80 /* ITVCurrentWeather.swift in Sources */,
				BAED0C411F5FC4EE00F9A3FC /* ITVUserWarningProtocol.swift in Sources */,
				BA90FA701F59597C006EB239 /* EditTimerViewControllerHelpers.swift in Sources */,
				BA4BFEA51EFFA0FD00E341DC /* IntervalTimerUIBarButtonItems.swift in Sources */,
				BAAFE44C1F0A04BF00D3619E /* IntervalTimerFuncs.swift in Sources */,
				BAC748B91F5FE4DD003F9E31 /* ITVNSObject.swift in Sources */,
				BA4370291F59261600E144D2 /* ITVCoreLocationHelpers.swift in Sources */,
				BAA11C4D1F5BFC8A005F3259 /* ITVUIView.swift in Sources */,
				BAC38F8B1F2EF54400AE0057 /* ITVCity.swift in Sources */,
				BA77AE831F4943C500AD34BE /* EditIntervalViewControllerActions.swift in Sources */,
				BAED0C3F1F5F9AC800F9A3FC /* ITVWarningAllowLocationServicesView.swift in Sources */,
				BA77AE7D1F4942B100AD34BE /* TimerViewControllerAesthetics.swift in Sources */,
				BA1C02BA1F56C14A001550FF /* TimersViewControllerSegue.swift in Sources */,
				BA4BFE771EFF4D9D00E341DC /* TimersViewController.swift in Sources */,
				BA4A1C6E1F4ED7080092DD89 /* TimerViewControllerLifeCycle.swift in Sources */,
				BA77AE851F4943F300AD34BE /* EditIntervalViewControllerTextField.swift in Sources */,
				BA77AE791F4941DC00AD34BE /* TimerViewControllerTimer.swift in Sources */,
				BA4BFEB51EFFD5E400E341DC /* ITVUIImageViewIndicator.swift in Sources */,
				BA77AE871F49444B00AD34BE /* EditIntervalViewControllerNavigationBar.swift in Sources */,
				BA77AE8D1F49883D00AD34BE /* ITVCityServiceCityRetreival.swift in Sources */,
				BA4BFE751EFF4D9D00E341DC /* AppDelegate.swift in Sources */,
				BACD18251F08E6C40072FF2C /* IntervalTimerEnums.swift in Sources */,
			);
			runOnlyForDeploymentPostprocessing = 0;
		};
		BA4BFE811EFF4D9D00E341DC /* Sources */ = {
			isa = PBXSourcesBuildPhase;
			buildActionMask = 2147483647;
			files = (
				BA4BFE8A1EFF4D9D00E341DC /* IntervalTimerTests.swift in Sources */,
			);
			runOnlyForDeploymentPostprocessing = 0;
		};
		BA4BFE8C1EFF4D9D00E341DC /* Sources */ = {
			isa = PBXSourcesBuildPhase;
			buildActionMask = 2147483647;
			files = (
				BA4BFE951EFF4D9D00E341DC /* IntervalTimerUITests.swift in Sources */,
			);
			runOnlyForDeploymentPostprocessing = 0;
		};
/* End PBXSourcesBuildPhase section */

/* Begin PBXTargetDependency section */
		BA4BFE871EFF4D9D00E341DC /* PBXTargetDependency */ = {
			isa = PBXTargetDependency;
			target = BA4BFE701EFF4D9D00E341DC /* IntervalTimer */;
			targetProxy = BA4BFE861EFF4D9D00E341DC /* PBXContainerItemProxy */;
		};
		BA4BFE921EFF4D9D00E341DC /* PBXTargetDependency */ = {
			isa = PBXTargetDependency;
			target = BA4BFE701EFF4D9D00E341DC /* IntervalTimer */;
			targetProxy = BA4BFE911EFF4D9D00E341DC /* PBXContainerItemProxy */;
		};
/* End PBXTargetDependency section */

/* Begin PBXVariantGroup section */
		BA4BFE781EFF4D9D00E341DC /* Main.storyboard */ = {
			isa = PBXVariantGroup;
			children = (
				BA4BFE791EFF4D9D00E341DC /* Base */,
			);
			name = Main.storyboard;
			path = IntervalTimer;
			sourceTree = "<group>";
		};
		BA4BFE7D1EFF4D9D00E341DC /* LaunchScreen.storyboard */ = {
			isa = PBXVariantGroup;
			children = (
				BA4BFE7E1EFF4D9D00E341DC /* Base */,
			);
			name = LaunchScreen.storyboard;
			path = IntervalTimer;
			sourceTree = "<group>";
		};
/* End PBXVariantGroup section */

/* Begin XCBuildConfiguration section */
		BA4BFE971EFF4D9D00E341DC /* Debug */ = {
			isa = XCBuildConfiguration;
			buildSettings = {
				ALWAYS_SEARCH_USER_PATHS = NO;
				CLANG_ANALYZER_NONNULL = YES;
				CLANG_ANALYZER_NUMBER_OBJECT_CONVERSION = YES_AGGRESSIVE;
				CLANG_CXX_LANGUAGE_STANDARD = "gnu++0x";
				CLANG_CXX_LIBRARY = "libc++";
				CLANG_ENABLE_MODULES = YES;
				CLANG_ENABLE_OBJC_ARC = YES;
				CLANG_WARN_BOOL_CONVERSION = YES;
				CLANG_WARN_CONSTANT_CONVERSION = YES;
				CLANG_WARN_DIRECT_OBJC_ISA_USAGE = YES_ERROR;
				CLANG_WARN_DOCUMENTATION_COMMENTS = YES;
				CLANG_WARN_EMPTY_BODY = YES;
				CLANG_WARN_ENUM_CONVERSION = YES;
				CLANG_WARN_INFINITE_RECURSION = YES;
				CLANG_WARN_INT_CONVERSION = YES;
				CLANG_WARN_OBJC_ROOT_CLASS = YES_ERROR;
				CLANG_WARN_SUSPICIOUS_MOVE = YES;
				CLANG_WARN_UNREACHABLE_CODE = YES;
				CLANG_WARN__DUPLICATE_METHOD_MATCH = YES;
				"CODE_SIGN_IDENTITY[sdk=iphoneos*]" = "iPhone Developer";
				COPY_PHASE_STRIP = NO;
				DEBUG_INFORMATION_FORMAT = dwarf;
				ENABLE_STRICT_OBJC_MSGSEND = YES;
				ENABLE_TESTABILITY = YES;
				GCC_C_LANGUAGE_STANDARD = gnu99;
				GCC_DYNAMIC_NO_PIC = NO;
				GCC_NO_COMMON_BLOCKS = YES;
				GCC_OPTIMIZATION_LEVEL = 0;
				GCC_PREPROCESSOR_DEFINITIONS = (
					"DEBUG=1",
					"$(inherited)",
				);
				GCC_WARN_64_TO_32_BIT_CONVERSION = YES;
				GCC_WARN_ABOUT_RETURN_TYPE = YES_ERROR;
				GCC_WARN_UNDECLARED_SELECTOR = YES;
				GCC_WARN_UNINITIALIZED_AUTOS = YES_AGGRESSIVE;
				GCC_WARN_UNUSED_FUNCTION = YES;
				GCC_WARN_UNUSED_VARIABLE = YES;
				IPHONEOS_DEPLOYMENT_TARGET = 10.3;
				MTL_ENABLE_DEBUG_INFO = YES;
				ONLY_ACTIVE_ARCH = YES;
				SDKROOT = iphoneos;
				SWIFT_ACTIVE_COMPILATION_CONDITIONS = DEBUG;
				SWIFT_OPTIMIZATION_LEVEL = "-Onone";
				TARGETED_DEVICE_FAMILY = "1,2";
			};
			name = Debug;
		};
		BA4BFE981EFF4D9D00E341DC /* Release */ = {
			isa = XCBuildConfiguration;
			buildSettings = {
				ALWAYS_SEARCH_USER_PATHS = NO;
				CLANG_ANALYZER_NONNULL = YES;
				CLANG_ANALYZER_NUMBER_OBJECT_CONVERSION = YES_AGGRESSIVE;
				CLANG_CXX_LANGUAGE_STANDARD = "gnu++0x";
				CLANG_CXX_LIBRARY = "libc++";
				CLANG_ENABLE_MODULES = YES;
				CLANG_ENABLE_OBJC_ARC = YES;
				CLANG_WARN_BOOL_CONVERSION = YES;
				CLANG_WARN_CONSTANT_CONVERSION = YES;
				CLANG_WARN_DIRECT_OBJC_ISA_USAGE = YES_ERROR;
				CLANG_WARN_DOCUMENTATION_COMMENTS = YES;
				CLANG_WARN_EMPTY_BODY = YES;
				CLANG_WARN_ENUM_CONVERSION = YES;
				CLANG_WARN_INFINITE_RECURSION = YES;
				CLANG_WARN_INT_CONVERSION = YES;
				CLANG_WARN_OBJC_ROOT_CLASS = YES_ERROR;
				CLANG_WARN_SUSPICIOUS_MOVE = YES;
				CLANG_WARN_UNREACHABLE_CODE = YES;
				CLANG_WARN__DUPLICATE_METHOD_MATCH = YES;
				"CODE_SIGN_IDENTITY[sdk=iphoneos*]" = "iPhone Developer";
				COPY_PHASE_STRIP = NO;
				DEBUG_INFORMATION_FORMAT = "dwarf-with-dsym";
				ENABLE_NS_ASSERTIONS = NO;
				ENABLE_STRICT_OBJC_MSGSEND = YES;
				GCC_C_LANGUAGE_STANDARD = gnu99;
				GCC_NO_COMMON_BLOCKS = YES;
				GCC_WARN_64_TO_32_BIT_CONVERSION = YES;
				GCC_WARN_ABOUT_RETURN_TYPE = YES_ERROR;
				GCC_WARN_UNDECLARED_SELECTOR = YES;
				GCC_WARN_UNINITIALIZED_AUTOS = YES_AGGRESSIVE;
				GCC_WARN_UNUSED_FUNCTION = YES;
				GCC_WARN_UNUSED_VARIABLE = YES;
				IPHONEOS_DEPLOYMENT_TARGET = 10.3;
				MTL_ENABLE_DEBUG_INFO = NO;
				SDKROOT = iphoneos;
				SWIFT_OPTIMIZATION_LEVEL = "-Owholemodule";
				TARGETED_DEVICE_FAMILY = "1,2";
				VALIDATE_PRODUCT = YES;
			};
			name = Release;
		};
		BA4BFE9A1EFF4D9D00E341DC /* Debug */ = {
			isa = XCBuildConfiguration;
			buildSettings = {
				ASSETCATALOG_COMPILER_APPICON_NAME = AppIcon;
				DEVELOPMENT_TEAM = 9LWK3GY4G8;
				INFOPLIST_FILE = IntervalTimer/Info.plist;
				LD_RUNPATH_SEARCH_PATHS = "$(inherited) @executable_path/Frameworks";
				PRODUCT_BUNDLE_IDENTIFIER = com.example.IntervalTimer;
				PRODUCT_NAME = "$(TARGET_NAME)";
				SWIFT_VERSION = 3.0;
			};
			name = Debug;
		};
		BA4BFE9B1EFF4D9D00E341DC /* Release */ = {
			isa = XCBuildConfiguration;
			buildSettings = {
				ASSETCATALOG_COMPILER_APPICON_NAME = AppIcon;
				DEVELOPMENT_TEAM = 9LWK3GY4G8;
				INFOPLIST_FILE = IntervalTimer/Info.plist;
				LD_RUNPATH_SEARCH_PATHS = "$(inherited) @executable_path/Frameworks";
				PRODUCT_BUNDLE_IDENTIFIER = com.example.IntervalTimer;
				PRODUCT_NAME = "$(TARGET_NAME)";
				SWIFT_VERSION = 3.0;
			};
			name = Release;
		};
		BA4BFE9D1EFF4D9D00E341DC /* Debug */ = {
			isa = XCBuildConfiguration;
			buildSettings = {
				ALWAYS_EMBED_SWIFT_STANDARD_LIBRARIES = YES;
				BUNDLE_LOADER = "$(TEST_HOST)";
				DEVELOPMENT_TEAM = 9LWK3GY4G8;
				INFOPLIST_FILE = IntervalTimerTests/Info.plist;
				LD_RUNPATH_SEARCH_PATHS = "$(inherited) @executable_path/Frameworks @loader_path/Frameworks";
				PRODUCT_BUNDLE_IDENTIFIER = com.example.IntervalTimerTests;
				PRODUCT_NAME = "$(TARGET_NAME)";
				SWIFT_VERSION = 3.0;
				TEST_HOST = "$(BUILT_PRODUCTS_DIR)/IntervalTimer.app/IntervalTimer";
			};
			name = Debug;
		};
		BA4BFE9E1EFF4D9D00E341DC /* Release */ = {
			isa = XCBuildConfiguration;
			buildSettings = {
				ALWAYS_EMBED_SWIFT_STANDARD_LIBRARIES = YES;
				BUNDLE_LOADER = "$(TEST_HOST)";
				DEVELOPMENT_TEAM = 9LWK3GY4G8;
				INFOPLIST_FILE = IntervalTimerTests/Info.plist;
				LD_RUNPATH_SEARCH_PATHS = "$(inherited) @executable_path/Frameworks @loader_path/Frameworks";
				PRODUCT_BUNDLE_IDENTIFIER = com.example.IntervalTimerTests;
				PRODUCT_NAME = "$(TARGET_NAME)";
				SWIFT_VERSION = 3.0;
				TEST_HOST = "$(BUILT_PRODUCTS_DIR)/IntervalTimer.app/IntervalTimer";
			};
			name = Release;
		};
		BA4BFEA01EFF4D9D00E341DC /* Debug */ = {
			isa = XCBuildConfiguration;
			buildSettings = {
				ALWAYS_EMBED_SWIFT_STANDARD_LIBRARIES = YES;
				DEVELOPMENT_TEAM = 9LWK3GY4G8;
				INFOPLIST_FILE = IntervalTimerUITests/Info.plist;
				LD_RUNPATH_SEARCH_PATHS = "$(inherited) @executable_path/Frameworks @loader_path/Frameworks";
				PRODUCT_BUNDLE_IDENTIFIER = com.example.IntervalTimerUITests;
				PRODUCT_NAME = "$(TARGET_NAME)";
				SWIFT_VERSION = 3.0;
				TEST_TARGET_NAME = IntervalTimer;
			};
			name = Debug;
		};
		BA4BFEA11EFF4D9D00E341DC /* Release */ = {
			isa = XCBuildConfiguration;
			buildSettings = {
				ALWAYS_EMBED_SWIFT_STANDARD_LIBRARIES = YES;
				DEVELOPMENT_TEAM = 9LWK3GY4G8;
				INFOPLIST_FILE = IntervalTimerUITests/Info.plist;
				LD_RUNPATH_SEARCH_PATHS = "$(inherited) @executable_path/Frameworks @loader_path/Frameworks";
				PRODUCT_BUNDLE_IDENTIFIER = com.example.IntervalTimerUITests;
				PRODUCT_NAME = "$(TARGET_NAME)";
				SWIFT_VERSION = 3.0;
				TEST_TARGET_NAME = IntervalTimer;
			};
			name = Release;
		};
/* End XCBuildConfiguration section */

/* Begin XCConfigurationList section */
		BA4BFE6C1EFF4D9D00E341DC /* Build configuration list for PBXProject "IntervalTimer" */ = {
			isa = XCConfigurationList;
			buildConfigurations = (
				BA4BFE971EFF4D9D00E341DC /* Debug */,
				BA4BFE981EFF4D9D00E341DC /* Release */,
			);
			defaultConfigurationIsVisible = 0;
			defaultConfigurationName = Release;
		};
		BA4BFE991EFF4D9D00E341DC /* Build configuration list for PBXNativeTarget "IntervalTimer" */ = {
			isa = XCConfigurationList;
			buildConfigurations = (
				BA4BFE9A1EFF4D9D00E341DC /* Debug */,
				BA4BFE9B1EFF4D9D00E341DC /* Release */,
			);
			defaultConfigurationIsVisible = 0;
			defaultConfigurationName = Release;
		};
		BA4BFE9C1EFF4D9D00E341DC /* Build configuration list for PBXNativeTarget "IntervalTimerTests" */ = {
			isa = XCConfigurationList;
			buildConfigurations = (
				BA4BFE9D1EFF4D9D00E341DC /* Debug */,
				BA4BFE9E1EFF4D9D00E341DC /* Release */,
			);
			defaultConfigurationIsVisible = 0;
			defaultConfigurationName = Release;
		};
		BA4BFE9F1EFF4D9D00E341DC /* Build configuration list for PBXNativeTarget "IntervalTimerUITests" */ = {
			isa = XCConfigurationList;
			buildConfigurations = (
				BA4BFEA01EFF4D9D00E341DC /* Debug */,
				BA4BFEA11EFF4D9D00E341DC /* Release */,
			);
			defaultConfigurationIsVisible = 0;
			defaultConfigurationName = Release;
		};
/* End XCConfigurationList section */
	};
	rootObject = BA4BFE691EFF4D9D00E341DC /* Project object */;
}
